// !$*UTF8*$!
{
	archiveVersion = 1;
	classes = {
	};
	objectVersion = 55;
	objects = {

/* Begin PBXBuildFile section */
		602063669C1D5972C5308E06 /* Pods_ihtMadhushankha_Cobsccomp005_ihtMadhushankha_Cobsccomp005UITests.framework in Frameworks */ = {isa = PBXBuildFile; fileRef = 8C3E9F04A19AE66012EDD660 /* Pods_ihtMadhushankha_Cobsccomp005_ihtMadhushankha_Cobsccomp005UITests.framework */; };
		653C537DCC2E895B0B61F05E /* Pods_ihtMadhushankha_Cobsccomp005Tests.framework in Frameworks */ = {isa = PBXBuildFile; fileRef = B3DAB2BA04D79F9908283440 /* Pods_ihtMadhushankha_Cobsccomp005Tests.framework */; };
		A35161F727289253005F031E /* SignUpValidation.swift in Sources */ = {isa = PBXBuildFile; fileRef = A35161F627289253005F031E /* SignUpValidation.swift */; };
		A35161F92728A9AB005F031E /* CollectionNames.swift in Sources */ = {isa = PBXBuildFile; fileRef = A35161F82728A9AB005F031E /* CollectionNames.swift */; };
		A371AA292726B75A002EAC57 /* SignUpViewModel.swift in Sources */ = {isa = PBXBuildFile; fileRef = A371AA282726B75A002EAC57 /* SignUpViewModel.swift */; };
		A371AA2B2726BB74002EAC57 /* HomeView.swift in Sources */ = {isa = PBXBuildFile; fileRef = A371AA2A2726BB74002EAC57 /* HomeView.swift */; };
		A381D0382725D57100D15288 /* LoginView.swift in Sources */ = {isa = PBXBuildFile; fileRef = A381D0372725D57100D15288 /* LoginView.swift */; };
		A381D03A2725D57D00D15288 /* SignUpView.swift in Sources */ = {isa = PBXBuildFile; fileRef = A381D0392725D57D00D15288 /* SignUpView.swift */; };
		A381D0422725D93200D15288 /* Poppins-Regular.ttf in Resources */ = {isa = PBXBuildFile; fileRef = A381D03D2725D93200D15288 /* Poppins-Regular.ttf */; };
		A381D0432725D93200D15288 /* Poppins-SemiBold.ttf in Resources */ = {isa = PBXBuildFile; fileRef = A381D03E2725D93200D15288 /* Poppins-SemiBold.ttf */; };
		A381D0442725D93200D15288 /* Poppins-Light.ttf in Resources */ = {isa = PBXBuildFile; fileRef = A381D03F2725D93200D15288 /* Poppins-Light.ttf */; };
		A381D0452725D93200D15288 /* Poppins-Medium.ttf in Resources */ = {isa = PBXBuildFile; fileRef = A381D0402725D93200D15288 /* Poppins-Medium.ttf */; };
		A381D0462725D93200D15288 /* Poppins-Bold.ttf in Resources */ = {isa = PBXBuildFile; fileRef = A381D0412725D93200D15288 /* Poppins-Bold.ttf */; };
		A381D0482725DA0000D15288 /* ForgetPasswordView.swift in Sources */ = {isa = PBXBuildFile; fileRef = A381D0472725DA0000D15288 /* ForgetPasswordView.swift */; };
		A381D04A2725DC4E00D15288 /* ColorExtension.swift in Sources */ = {isa = PBXBuildFile; fileRef = A381D0492725DC4E00D15288 /* ColorExtension.swift */; };
		A381D04C2725DD4100D15288 /* TextFieldView.swift in Sources */ = {isa = PBXBuildFile; fileRef = A381D04B2725DD4100D15288 /* TextFieldView.swift */; };
		A381D04E2725DD7600D15288 /* TextViewStyle.swift in Sources */ = {isa = PBXBuildFile; fileRef = A381D04D2725DD7600D15288 /* TextViewStyle.swift */; };
		A381D0502725DDCF00D15288 /* ButtonViewStyle.swift in Sources */ = {isa = PBXBuildFile; fileRef = A381D04F2725DDCF00D15288 /* ButtonViewStyle.swift */; };
		A381D0522725DDE200D15288 /* ButtonView.swift in Sources */ = {isa = PBXBuildFile; fileRef = A381D0512725DDE200D15288 /* ButtonView.swift */; };
		A381D0542725E17000D15288 /* LoginViewStrings.swift in Sources */ = {isa = PBXBuildFile; fileRef = A381D0532725E17000D15288 /* LoginViewStrings.swift */; };
		A381D0562725E24900D15288 /* SecureFieldView.swift in Sources */ = {isa = PBXBuildFile; fileRef = A381D0552725E24900D15288 /* SecureFieldView.swift */; };
		A381D0582725EA1200D15288 /* LabelledDivider.swift in Sources */ = {isa = PBXBuildFile; fileRef = A381D0572725EA1200D15288 /* LabelledDivider.swift */; };
		A381D05A2725ECE200D15288 /* SignUpViewStrings.swift in Sources */ = {isa = PBXBuildFile; fileRef = A381D0592725ECE200D15288 /* SignUpViewStrings.swift */; };
		A381D05C2725F72A00D15288 /* ForgetPasswordViewStrings.swift in Sources */ = {isa = PBXBuildFile; fileRef = A381D05B2725F72A00D15288 /* ForgetPasswordViewStrings.swift */; };
		A3975FFC27304FD30092F81A /* TabMainView.swift in Sources */ = {isa = PBXBuildFile; fileRef = A3975FFB27304FD30092F81A /* TabMainView.swift */; };
		A3975FFE27304FED0092F81A /* BookView.swift in Sources */ = {isa = PBXBuildFile; fileRef = A3975FFD27304FED0092F81A /* BookView.swift */; };
		A397600027304FFF0092F81A /* SettingsView.swift in Sources */ = {isa = PBXBuildFile; fileRef = A3975FFF27304FFF0092F81A /* SettingsView.swift */; };
		A3976002273055340092F81A /* TopLeftTitle.swift in Sources */ = {isa = PBXBuildFile; fileRef = A3976001273055340092F81A /* TopLeftTitle.swift */; };
		A3A843AC272DC2700090D7A2 /* SingleParkViewModel.swift in Sources */ = {isa = PBXBuildFile; fileRef = A3A843AB272DC2700090D7A2 /* SingleParkViewModel.swift */; };
		A3AE2F82272D1C5800330608 /* SingleDetailRow.swift in Sources */ = {isa = PBXBuildFile; fileRef = A3AE2F81272D1C5800330608 /* SingleDetailRow.swift */; };
		A3C7788D2723DD37009D670A /* ihtMadhushankha_Cobsccomp005App.swift in Sources */ = {isa = PBXBuildFile; fileRef = A3C7788C2723DD37009D670A /* ihtMadhushankha_Cobsccomp005App.swift */; };
		A3C7788F2723DD37009D670A /* ContentView.swift in Sources */ = {isa = PBXBuildFile; fileRef = A3C7788E2723DD37009D670A /* ContentView.swift */; };
		A3C778912723DD39009D670A /* Assets.xcassets in Resources */ = {isa = PBXBuildFile; fileRef = A3C778902723DD39009D670A /* Assets.xcassets */; };
		A3C778942723DD39009D670A /* Preview Assets.xcassets in Resources */ = {isa = PBXBuildFile; fileRef = A3C778932723DD39009D670A /* Preview Assets.xcassets */; };
		A3C7789E2723DD39009D670A /* ihtMadhushankha_Cobsccomp005Tests.swift in Sources */ = {isa = PBXBuildFile; fileRef = A3C7789D2723DD39009D670A /* ihtMadhushankha_Cobsccomp005Tests.swift */; };
		A3C778A82723DD39009D670A /* ihtMadhushankha_Cobsccomp005UITests.swift in Sources */ = {isa = PBXBuildFile; fileRef = A3C778A72723DD39009D670A /* ihtMadhushankha_Cobsccomp005UITests.swift */; };
		A3C778AA2723DD39009D670A /* ihtMadhushankha_Cobsccomp005UITestsLaunchTests.swift in Sources */ = {isa = PBXBuildFile; fileRef = A3C778A92723DD39009D670A /* ihtMadhushankha_Cobsccomp005UITestsLaunchTests.swift */; };
		A3C778BC2723DE02009D670A /* ContentViewModel.swift in Sources */ = {isa = PBXBuildFile; fileRef = A3C778BB2723DE02009D670A /* ContentViewModel.swift */; };
		A3C778BE2723DE32009D670A /* ContentViewStrings.swift in Sources */ = {isa = PBXBuildFile; fileRef = A3C778BD2723DE32009D670A /* ContentViewStrings.swift */; };
		A3C778C02723DE6B009D670A /* User.swift in Sources */ = {isa = PBXBuildFile; fileRef = A3C778BF2723DE6B009D670A /* User.swift */; };
		A3C778C22723DF15009D670A /* TextTitle.swift in Sources */ = {isa = PBXBuildFile; fileRef = A3C778C12723DF15009D670A /* TextTitle.swift */; };
		A3C778C62723F6CD009D670A /* GoogleService-Info.plist in Resources */ = {isa = PBXBuildFile; fileRef = A3C778C52723F6CD009D670A /* GoogleService-Info.plist */; };
		A3C840812726CEC00011161C /* LoginViewModel.swift in Sources */ = {isa = PBXBuildFile; fileRef = A3C840802726CEC00011161C /* LoginViewModel.swift */; };
		A3C840832726D2EE0011161C /* ForgetPasswordViewModel.swift in Sources */ = {isa = PBXBuildFile; fileRef = A3C840822726D2EE0011161C /* ForgetPasswordViewModel.swift */; };
		A3C8408527272D780011161C /* HomeViewModel.swift in Sources */ = {isa = PBXBuildFile; fileRef = A3C8408427272D780011161C /* HomeViewModel.swift */; };
		A3C84087272730DD0011161C /* ParkingView.swift in Sources */ = {isa = PBXBuildFile; fileRef = A3C84086272730DD0011161C /* ParkingView.swift */; };
		A3C84089272740C40011161C /* ParkModel.swift in Sources */ = {isa = PBXBuildFile; fileRef = A3C84088272740C40011161C /* ParkModel.swift */; };
		A3D7026F27311BA000834840 /* SettingsViewModel.swift in Sources */ = {isa = PBXBuildFile; fileRef = A3D7026E27311BA000834840 /* SettingsViewModel.swift */; };
		A3D7027127311CFA00834840 /* UserData.swift in Sources */ = {isa = PBXBuildFile; fileRef = A3D7027027311CFA00834840 /* UserData.swift */; };
		A3FC8837272C813100E53914 /* Tab.swift in Sources */ = {isa = PBXBuildFile; fileRef = A3FC8836272C813100E53914 /* Tab.swift */; };
		A3FC8839272C814400E53914 /* Tabs.swift in Sources */ = {isa = PBXBuildFile; fileRef = A3FC8838272C814400E53914 /* Tabs.swift */; };
		A3FC883B272C81AF00E53914 /* HomeTopTabView.swift in Sources */ = {isa = PBXBuildFile; fileRef = A3FC883A272C81AF00E53914 /* HomeTopTabView.swift */; };
		A3FC883D272C855600E53914 /* SingleParkView.swift in Sources */ = {isa = PBXBuildFile; fileRef = A3FC883C272C855600E53914 /* SingleParkView.swift */; };
		A3FC883F272C91A300E53914 /* SingleParkViewStrings.swift in Sources */ = {isa = PBXBuildFile; fileRef = A3FC883E272C91A300E53914 /* SingleParkViewStrings.swift */; };
		F0219ADC62AAC1CE5D5BE40E /* Pods_ihtMadhushankha_Cobsccomp005.framework in Frameworks */ = {isa = PBXBuildFile; fileRef = A5BB2A73228D3A6965D58975 /* Pods_ihtMadhushankha_Cobsccomp005.framework */; };
/* End PBXBuildFile section */

/* Begin PBXContainerItemProxy section */
		A3C7789A2723DD39009D670A /* PBXContainerItemProxy */ = {
			isa = PBXContainerItemProxy;
			containerPortal = A3C778812723DD37009D670A /* Project object */;
			proxyType = 1;
			remoteGlobalIDString = A3C778882723DD37009D670A;
			remoteInfo = "ihtMadhushankha-Cobsccomp005";
		};
		A3C778A42723DD39009D670A /* PBXContainerItemProxy */ = {
			isa = PBXContainerItemProxy;
			containerPortal = A3C778812723DD37009D670A /* Project object */;
			proxyType = 1;
			remoteGlobalIDString = A3C778882723DD37009D670A;
			remoteInfo = "ihtMadhushankha-Cobsccomp005";
		};
/* End PBXContainerItemProxy section */

/* Begin PBXFileReference section */
		16B4C89255FB7F3B187E5848 /* Pods-ihtMadhushankha-Cobsccomp005-ihtMadhushankha-Cobsccomp005UITests.release.xcconfig */ = {isa = PBXFileReference; includeInIndex = 1; lastKnownFileType = text.xcconfig; name = "Pods-ihtMadhushankha-Cobsccomp005-ihtMadhushankha-Cobsccomp005UITests.release.xcconfig"; path = "Target Support Files/Pods-ihtMadhushankha-Cobsccomp005-ihtMadhushankha-Cobsccomp005UITests/Pods-ihtMadhushankha-Cobsccomp005-ihtMadhushankha-Cobsccomp005UITests.release.xcconfig"; sourceTree = "<group>"; };
		547E8593A9EF3DDC010DC3EC /* Pods-ihtMadhushankha-Cobsccomp005.debug.xcconfig */ = {isa = PBXFileReference; includeInIndex = 1; lastKnownFileType = text.xcconfig; name = "Pods-ihtMadhushankha-Cobsccomp005.debug.xcconfig"; path = "Target Support Files/Pods-ihtMadhushankha-Cobsccomp005/Pods-ihtMadhushankha-Cobsccomp005.debug.xcconfig"; sourceTree = "<group>"; };
		8C3E9F04A19AE66012EDD660 /* Pods_ihtMadhushankha_Cobsccomp005_ihtMadhushankha_Cobsccomp005UITests.framework */ = {isa = PBXFileReference; explicitFileType = wrapper.framework; includeInIndex = 0; path = Pods_ihtMadhushankha_Cobsccomp005_ihtMadhushankha_Cobsccomp005UITests.framework; sourceTree = BUILT_PRODUCTS_DIR; };
		A35161F627289253005F031E /* SignUpValidation.swift */ = {isa = PBXFileReference; lastKnownFileType = sourcecode.swift; path = SignUpValidation.swift; sourceTree = "<group>"; };
		A35161F82728A9AB005F031E /* CollectionNames.swift */ = {isa = PBXFileReference; lastKnownFileType = sourcecode.swift; path = CollectionNames.swift; sourceTree = "<group>"; };
		A371AA282726B75A002EAC57 /* SignUpViewModel.swift */ = {isa = PBXFileReference; lastKnownFileType = sourcecode.swift; path = SignUpViewModel.swift; sourceTree = "<group>"; };
		A371AA2A2726BB74002EAC57 /* HomeView.swift */ = {isa = PBXFileReference; lastKnownFileType = sourcecode.swift; path = HomeView.swift; sourceTree = "<group>"; };
		A381D0372725D57100D15288 /* LoginView.swift */ = {isa = PBXFileReference; lastKnownFileType = sourcecode.swift; path = LoginView.swift; sourceTree = "<group>"; };
		A381D0392725D57D00D15288 /* SignUpView.swift */ = {isa = PBXFileReference; lastKnownFileType = sourcecode.swift; path = SignUpView.swift; sourceTree = "<group>"; };
		A381D03C2725D87700D15288 /* Info.plist */ = {isa = PBXFileReference; lastKnownFileType = text.plist; path = Info.plist; sourceTree = "<group>"; };
		A381D03D2725D93200D15288 /* Poppins-Regular.ttf */ = {isa = PBXFileReference; lastKnownFileType = file; path = "Poppins-Regular.ttf"; sourceTree = "<group>"; };
		A381D03E2725D93200D15288 /* Poppins-SemiBold.ttf */ = {isa = PBXFileReference; lastKnownFileType = file; path = "Poppins-SemiBold.ttf"; sourceTree = "<group>"; };
		A381D03F2725D93200D15288 /* Poppins-Light.ttf */ = {isa = PBXFileReference; lastKnownFileType = file; path = "Poppins-Light.ttf"; sourceTree = "<group>"; };
		A381D0402725D93200D15288 /* Poppins-Medium.ttf */ = {isa = PBXFileReference; lastKnownFileType = file; path = "Poppins-Medium.ttf"; sourceTree = "<group>"; };
		A381D0412725D93200D15288 /* Poppins-Bold.ttf */ = {isa = PBXFileReference; lastKnownFileType = file; path = "Poppins-Bold.ttf"; sourceTree = "<group>"; };
		A381D0472725DA0000D15288 /* ForgetPasswordView.swift */ = {isa = PBXFileReference; lastKnownFileType = sourcecode.swift; path = ForgetPasswordView.swift; sourceTree = "<group>"; };
		A381D0492725DC4E00D15288 /* ColorExtension.swift */ = {isa = PBXFileReference; lastKnownFileType = sourcecode.swift; path = ColorExtension.swift; sourceTree = "<group>"; };
		A381D04B2725DD4100D15288 /* TextFieldView.swift */ = {isa = PBXFileReference; lastKnownFileType = sourcecode.swift; path = TextFieldView.swift; sourceTree = "<group>"; };
		A381D04D2725DD7600D15288 /* TextViewStyle.swift */ = {isa = PBXFileReference; lastKnownFileType = sourcecode.swift; path = TextViewStyle.swift; sourceTree = "<group>"; };
		A381D04F2725DDCF00D15288 /* ButtonViewStyle.swift */ = {isa = PBXFileReference; lastKnownFileType = sourcecode.swift; path = ButtonViewStyle.swift; sourceTree = "<group>"; };
		A381D0512725DDE200D15288 /* ButtonView.swift */ = {isa = PBXFileReference; lastKnownFileType = sourcecode.swift; path = ButtonView.swift; sourceTree = "<group>"; };
		A381D0532725E17000D15288 /* LoginViewStrings.swift */ = {isa = PBXFileReference; lastKnownFileType = sourcecode.swift; path = LoginViewStrings.swift; sourceTree = "<group>"; };
		A381D0552725E24900D15288 /* SecureFieldView.swift */ = {isa = PBXFileReference; lastKnownFileType = sourcecode.swift; path = SecureFieldView.swift; sourceTree = "<group>"; };
		A381D0572725EA1200D15288 /* LabelledDivider.swift */ = {isa = PBXFileReference; lastKnownFileType = sourcecode.swift; path = LabelledDivider.swift; sourceTree = "<group>"; };
		A381D0592725ECE200D15288 /* SignUpViewStrings.swift */ = {isa = PBXFileReference; lastKnownFileType = sourcecode.swift; path = SignUpViewStrings.swift; sourceTree = "<group>"; };
		A381D05B2725F72A00D15288 /* ForgetPasswordViewStrings.swift */ = {isa = PBXFileReference; lastKnownFileType = sourcecode.swift; path = ForgetPasswordViewStrings.swift; sourceTree = "<group>"; };
		A3975FFB27304FD30092F81A /* TabMainView.swift */ = {isa = PBXFileReference; lastKnownFileType = sourcecode.swift; path = TabMainView.swift; sourceTree = "<group>"; };
		A3975FFD27304FED0092F81A /* BookView.swift */ = {isa = PBXFileReference; lastKnownFileType = sourcecode.swift; path = BookView.swift; sourceTree = "<group>"; };
		A3975FFF27304FFF0092F81A /* SettingsView.swift */ = {isa = PBXFileReference; lastKnownFileType = sourcecode.swift; path = SettingsView.swift; sourceTree = "<group>"; };
		A3976001273055340092F81A /* TopLeftTitle.swift */ = {isa = PBXFileReference; lastKnownFileType = sourcecode.swift; path = TopLeftTitle.swift; sourceTree = "<group>"; };
		A3A843AB272DC2700090D7A2 /* SingleParkViewModel.swift */ = {isa = PBXFileReference; lastKnownFileType = sourcecode.swift; path = SingleParkViewModel.swift; sourceTree = "<group>"; };
		A3AE2F81272D1C5800330608 /* SingleDetailRow.swift */ = {isa = PBXFileReference; lastKnownFileType = sourcecode.swift; path = SingleDetailRow.swift; sourceTree = "<group>"; };
		A3C778892723DD37009D670A /* ihtMadhushankha-Cobsccomp005.app */ = {isa = PBXFileReference; explicitFileType = wrapper.application; includeInIndex = 0; path = "ihtMadhushankha-Cobsccomp005.app"; sourceTree = BUILT_PRODUCTS_DIR; };
		A3C7788C2723DD37009D670A /* ihtMadhushankha_Cobsccomp005App.swift */ = {isa = PBXFileReference; lastKnownFileType = sourcecode.swift; path = ihtMadhushankha_Cobsccomp005App.swift; sourceTree = "<group>"; };
		A3C7788E2723DD37009D670A /* ContentView.swift */ = {isa = PBXFileReference; lastKnownFileType = sourcecode.swift; path = ContentView.swift; sourceTree = "<group>"; };
		A3C778902723DD39009D670A /* Assets.xcassets */ = {isa = PBXFileReference; lastKnownFileType = folder.assetcatalog; path = Assets.xcassets; sourceTree = "<group>"; };
		A3C778932723DD39009D670A /* Preview Assets.xcassets */ = {isa = PBXFileReference; lastKnownFileType = folder.assetcatalog; path = "Preview Assets.xcassets"; sourceTree = "<group>"; };
		A3C778992723DD39009D670A /* ihtMadhushankha-Cobsccomp005Tests.xctest */ = {isa = PBXFileReference; explicitFileType = wrapper.cfbundle; includeInIndex = 0; path = "ihtMadhushankha-Cobsccomp005Tests.xctest"; sourceTree = BUILT_PRODUCTS_DIR; };
		A3C7789D2723DD39009D670A /* ihtMadhushankha_Cobsccomp005Tests.swift */ = {isa = PBXFileReference; lastKnownFileType = sourcecode.swift; path = ihtMadhushankha_Cobsccomp005Tests.swift; sourceTree = "<group>"; };
		A3C778A32723DD39009D670A /* ihtMadhushankha-Cobsccomp005UITests.xctest */ = {isa = PBXFileReference; explicitFileType = wrapper.cfbundle; includeInIndex = 0; path = "ihtMadhushankha-Cobsccomp005UITests.xctest"; sourceTree = BUILT_PRODUCTS_DIR; };
		A3C778A72723DD39009D670A /* ihtMadhushankha_Cobsccomp005UITests.swift */ = {isa = PBXFileReference; lastKnownFileType = sourcecode.swift; path = ihtMadhushankha_Cobsccomp005UITests.swift; sourceTree = "<group>"; };
		A3C778A92723DD39009D670A /* ihtMadhushankha_Cobsccomp005UITestsLaunchTests.swift */ = {isa = PBXFileReference; lastKnownFileType = sourcecode.swift; path = ihtMadhushankha_Cobsccomp005UITestsLaunchTests.swift; sourceTree = "<group>"; };
		A3C778BB2723DE02009D670A /* ContentViewModel.swift */ = {isa = PBXFileReference; lastKnownFileType = sourcecode.swift; path = ContentViewModel.swift; sourceTree = "<group>"; };
		A3C778BD2723DE32009D670A /* ContentViewStrings.swift */ = {isa = PBXFileReference; lastKnownFileType = sourcecode.swift; path = ContentViewStrings.swift; sourceTree = "<group>"; };
		A3C778BF2723DE6B009D670A /* User.swift */ = {isa = PBXFileReference; lastKnownFileType = sourcecode.swift; path = User.swift; sourceTree = "<group>"; };
		A3C778C12723DF15009D670A /* TextTitle.swift */ = {isa = PBXFileReference; lastKnownFileType = sourcecode.swift; path = TextTitle.swift; sourceTree = "<group>"; };
		A3C778C52723F6CD009D670A /* GoogleService-Info.plist */ = {isa = PBXFileReference; fileEncoding = 4; lastKnownFileType = text.plist.xml; path = "GoogleService-Info.plist"; sourceTree = "<group>"; };
		A3C840802726CEC00011161C /* LoginViewModel.swift */ = {isa = PBXFileReference; lastKnownFileType = sourcecode.swift; path = LoginViewModel.swift; sourceTree = "<group>"; };
		A3C840822726D2EE0011161C /* ForgetPasswordViewModel.swift */ = {isa = PBXFileReference; lastKnownFileType = sourcecode.swift; path = ForgetPasswordViewModel.swift; sourceTree = "<group>"; };
		A3C8408427272D780011161C /* HomeViewModel.swift */ = {isa = PBXFileReference; lastKnownFileType = sourcecode.swift; path = HomeViewModel.swift; sourceTree = "<group>"; };
		A3C84086272730DD0011161C /* ParkingView.swift */ = {isa = PBXFileReference; lastKnownFileType = sourcecode.swift; path = ParkingView.swift; sourceTree = "<group>"; };
		A3C84088272740C40011161C /* ParkModel.swift */ = {isa = PBXFileReference; lastKnownFileType = sourcecode.swift; path = ParkModel.swift; sourceTree = "<group>"; };
		A3D7026E27311BA000834840 /* SettingsViewModel.swift */ = {isa = PBXFileReference; lastKnownFileType = sourcecode.swift; path = SettingsViewModel.swift; sourceTree = "<group>"; };
		A3D7027027311CFA00834840 /* UserData.swift */ = {isa = PBXFileReference; lastKnownFileType = sourcecode.swift; path = UserData.swift; sourceTree = "<group>"; };
		A3FC8836272C813100E53914 /* Tab.swift */ = {isa = PBXFileReference; lastKnownFileType = sourcecode.swift; path = Tab.swift; sourceTree = "<group>"; };
		A3FC8838272C814400E53914 /* Tabs.swift */ = {isa = PBXFileReference; lastKnownFileType = sourcecode.swift; path = Tabs.swift; sourceTree = "<group>"; };
		A3FC883A272C81AF00E53914 /* HomeTopTabView.swift */ = {isa = PBXFileReference; lastKnownFileType = sourcecode.swift; path = HomeTopTabView.swift; sourceTree = "<group>"; };
		A3FC883C272C855600E53914 /* SingleParkView.swift */ = {isa = PBXFileReference; lastKnownFileType = sourcecode.swift; path = SingleParkView.swift; sourceTree = "<group>"; };
		A3FC883E272C91A300E53914 /* SingleParkViewStrings.swift */ = {isa = PBXFileReference; lastKnownFileType = sourcecode.swift; path = SingleParkViewStrings.swift; sourceTree = "<group>"; };
		A5BB2A73228D3A6965D58975 /* Pods_ihtMadhushankha_Cobsccomp005.framework */ = {isa = PBXFileReference; explicitFileType = wrapper.framework; includeInIndex = 0; path = Pods_ihtMadhushankha_Cobsccomp005.framework; sourceTree = BUILT_PRODUCTS_DIR; };
		B3DAB2BA04D79F9908283440 /* Pods_ihtMadhushankha_Cobsccomp005Tests.framework */ = {isa = PBXFileReference; explicitFileType = wrapper.framework; includeInIndex = 0; path = Pods_ihtMadhushankha_Cobsccomp005Tests.framework; sourceTree = BUILT_PRODUCTS_DIR; };
		C710C70CBB41AAAFCED044EB /* Pods-ihtMadhushankha-Cobsccomp005-ihtMadhushankha-Cobsccomp005UITests.debug.xcconfig */ = {isa = PBXFileReference; includeInIndex = 1; lastKnownFileType = text.xcconfig; name = "Pods-ihtMadhushankha-Cobsccomp005-ihtMadhushankha-Cobsccomp005UITests.debug.xcconfig"; path = "Target Support Files/Pods-ihtMadhushankha-Cobsccomp005-ihtMadhushankha-Cobsccomp005UITests/Pods-ihtMadhushankha-Cobsccomp005-ihtMadhushankha-Cobsccomp005UITests.debug.xcconfig"; sourceTree = "<group>"; };
		DB0C609A448DCBFBF82E87F7 /* Pods-ihtMadhushankha-Cobsccomp005.release.xcconfig */ = {isa = PBXFileReference; includeInIndex = 1; lastKnownFileType = text.xcconfig; name = "Pods-ihtMadhushankha-Cobsccomp005.release.xcconfig"; path = "Target Support Files/Pods-ihtMadhushankha-Cobsccomp005/Pods-ihtMadhushankha-Cobsccomp005.release.xcconfig"; sourceTree = "<group>"; };
		E29549D037649B1E80AE7293 /* Pods-ihtMadhushankha-Cobsccomp005Tests.release.xcconfig */ = {isa = PBXFileReference; includeInIndex = 1; lastKnownFileType = text.xcconfig; name = "Pods-ihtMadhushankha-Cobsccomp005Tests.release.xcconfig"; path = "Target Support Files/Pods-ihtMadhushankha-Cobsccomp005Tests/Pods-ihtMadhushankha-Cobsccomp005Tests.release.xcconfig"; sourceTree = "<group>"; };
		F21D00D230A35E08F9BD108F /* Pods-ihtMadhushankha-Cobsccomp005Tests.debug.xcconfig */ = {isa = PBXFileReference; includeInIndex = 1; lastKnownFileType = text.xcconfig; name = "Pods-ihtMadhushankha-Cobsccomp005Tests.debug.xcconfig"; path = "Target Support Files/Pods-ihtMadhushankha-Cobsccomp005Tests/Pods-ihtMadhushankha-Cobsccomp005Tests.debug.xcconfig"; sourceTree = "<group>"; };
/* End PBXFileReference section */

/* Begin PBXFrameworksBuildPhase section */
		A3C778862723DD37009D670A /* Frameworks */ = {
			isa = PBXFrameworksBuildPhase;
			buildActionMask = 2147483647;
			files = (
				F0219ADC62AAC1CE5D5BE40E /* Pods_ihtMadhushankha_Cobsccomp005.framework in Frameworks */,
			);
			runOnlyForDeploymentPostprocessing = 0;
		};
		A3C778962723DD39009D670A /* Frameworks */ = {
			isa = PBXFrameworksBuildPhase;
			buildActionMask = 2147483647;
			files = (
				653C537DCC2E895B0B61F05E /* Pods_ihtMadhushankha_Cobsccomp005Tests.framework in Frameworks */,
			);
			runOnlyForDeploymentPostprocessing = 0;
		};
		A3C778A02723DD39009D670A /* Frameworks */ = {
			isa = PBXFrameworksBuildPhase;
			buildActionMask = 2147483647;
			files = (
				602063669C1D5972C5308E06 /* Pods_ihtMadhushankha_Cobsccomp005_ihtMadhushankha_Cobsccomp005UITests.framework in Frameworks */,
			);
			runOnlyForDeploymentPostprocessing = 0;
		};
/* End PBXFrameworksBuildPhase section */

/* Begin PBXGroup section */
		5288BB20AAC5427148307730 /* Pods */ = {
			isa = PBXGroup;
			children = (
				547E8593A9EF3DDC010DC3EC /* Pods-ihtMadhushankha-Cobsccomp005.debug.xcconfig */,
				DB0C609A448DCBFBF82E87F7 /* Pods-ihtMadhushankha-Cobsccomp005.release.xcconfig */,
				C710C70CBB41AAAFCED044EB /* Pods-ihtMadhushankha-Cobsccomp005-ihtMadhushankha-Cobsccomp005UITests.debug.xcconfig */,
				16B4C89255FB7F3B187E5848 /* Pods-ihtMadhushankha-Cobsccomp005-ihtMadhushankha-Cobsccomp005UITests.release.xcconfig */,
				F21D00D230A35E08F9BD108F /* Pods-ihtMadhushankha-Cobsccomp005Tests.debug.xcconfig */,
				E29549D037649B1E80AE7293 /* Pods-ihtMadhushankha-Cobsccomp005Tests.release.xcconfig */,
			);
			path = Pods;
			sourceTree = "<group>";
		};
		A35161F527289227005F031E /* Validation */ = {
			isa = PBXGroup;
			children = (
				A35161F627289253005F031E /* SignUpValidation.swift */,
			);
			path = Validation;
			sourceTree = "<group>";
		};
		A381D03B2725D77800D15288 /* Poppins */ = {
			isa = PBXGroup;
			children = (
				A381D0412725D93200D15288 /* Poppins-Bold.ttf */,
				A381D03F2725D93200D15288 /* Poppins-Light.ttf */,
				A381D0402725D93200D15288 /* Poppins-Medium.ttf */,
				A381D03D2725D93200D15288 /* Poppins-Regular.ttf */,
				A381D03E2725D93200D15288 /* Poppins-SemiBold.ttf */,
			);
			path = Poppins;
			sourceTree = "<group>";
		};
		A3C778802723DD37009D670A = {
			isa = PBXGroup;
			children = (
				A3C7788B2723DD37009D670A /* ihtMadhushankha-Cobsccomp005 */,
				A3C7789C2723DD39009D670A /* ihtMadhushankha-Cobsccomp005Tests */,
				A3C778A62723DD39009D670A /* ihtMadhushankha-Cobsccomp005UITests */,
				A3C7788A2723DD37009D670A /* Products */,
				5288BB20AAC5427148307730 /* Pods */,
				E5B21EDB79D7550125DF2295 /* Frameworks */,
			);
			sourceTree = "<group>";
		};
		A3C7788A2723DD37009D670A /* Products */ = {
			isa = PBXGroup;
			children = (
				A3C778892723DD37009D670A /* ihtMadhushankha-Cobsccomp005.app */,
				A3C778992723DD39009D670A /* ihtMadhushankha-Cobsccomp005Tests.xctest */,
				A3C778A32723DD39009D670A /* ihtMadhushankha-Cobsccomp005UITests.xctest */,
			);
			name = Products;
			sourceTree = "<group>";
		};
		A3C7788B2723DD37009D670A /* ihtMadhushankha-Cobsccomp005 */ = {
			isa = PBXGroup;
			children = (
				A35161F527289227005F031E /* Validation */,
				A3C778BA2723DD9F009D670A /* Data */,
				A3C778B72723DD5F009D670A /* Model */,
				A3C778B82723DD83009D670A /* ViewModel */,
				A3C778B92723DD92009D670A /* Component */,
				A3C778B62723DD54009D670A /* View */,
				A3C7788C2723DD37009D670A /* ihtMadhushankha_Cobsccomp005App.swift */,
				A3C778902723DD39009D670A /* Assets.xcassets */,
				A381D03C2725D87700D15288 /* Info.plist */,
				A3C778C52723F6CD009D670A /* GoogleService-Info.plist */,
				A381D03B2725D77800D15288 /* Poppins */,
				A3C778922723DD39009D670A /* Preview Content */,
			);
			path = "ihtMadhushankha-Cobsccomp005";
			sourceTree = "<group>";
		};
		A3C778922723DD39009D670A /* Preview Content */ = {
			isa = PBXGroup;
			children = (
				A3C778932723DD39009D670A /* Preview Assets.xcassets */,
			);
			path = "Preview Content";
			sourceTree = "<group>";
		};
		A3C7789C2723DD39009D670A /* ihtMadhushankha-Cobsccomp005Tests */ = {
			isa = PBXGroup;
			children = (
				A3C7789D2723DD39009D670A /* ihtMadhushankha_Cobsccomp005Tests.swift */,
			);
			path = "ihtMadhushankha-Cobsccomp005Tests";
			sourceTree = "<group>";
		};
		A3C778A62723DD39009D670A /* ihtMadhushankha-Cobsccomp005UITests */ = {
			isa = PBXGroup;
			children = (
				A3C778A72723DD39009D670A /* ihtMadhushankha_Cobsccomp005UITests.swift */,
				A3C778A92723DD39009D670A /* ihtMadhushankha_Cobsccomp005UITestsLaunchTests.swift */,
			);
			path = "ihtMadhushankha-Cobsccomp005UITests";
			sourceTree = "<group>";
		};
		A3C778B62723DD54009D670A /* View */ = {
			isa = PBXGroup;
			children = (
				A3C7788E2723DD37009D670A /* ContentView.swift */,
				A381D0392725D57D00D15288 /* SignUpView.swift */,
				A381D0372725D57100D15288 /* LoginView.swift */,
				A3C84086272730DD0011161C /* ParkingView.swift */,
				A3975FFB27304FD30092F81A /* TabMainView.swift */,
				A371AA2A2726BB74002EAC57 /* HomeView.swift */,
				A3975FFF27304FFF0092F81A /* SettingsView.swift */,
				A3975FFD27304FED0092F81A /* BookView.swift */,
				A3FC883C272C855600E53914 /* SingleParkView.swift */,
				A3FC883A272C81AF00E53914 /* HomeTopTabView.swift */,
				A381D0472725DA0000D15288 /* ForgetPasswordView.swift */,
			);
			path = View;
			sourceTree = "<group>";
		};
		A3C778B72723DD5F009D670A /* Model */ = {
			isa = PBXGroup;
			children = (
				A3C778BF2723DE6B009D670A /* User.swift */,
				A3D7027027311CFA00834840 /* UserData.swift */,
				A3FC8836272C813100E53914 /* Tab.swift */,
				A3C84088272740C40011161C /* ParkModel.swift */,
			);
			path = Model;
			sourceTree = "<group>";
		};
		A3C778B82723DD83009D670A /* ViewModel */ = {
			isa = PBXGroup;
			children = (
				A3C778BB2723DE02009D670A /* ContentViewModel.swift */,
				A371AA282726B75A002EAC57 /* SignUpViewModel.swift */,
				A3C840802726CEC00011161C /* LoginViewModel.swift */,
				A3D7026E27311BA000834840 /* SettingsViewModel.swift */,
				A3A843AB272DC2700090D7A2 /* SingleParkViewModel.swift */,
				A3C8408427272D780011161C /* HomeViewModel.swift */,
				A3C840822726D2EE0011161C /* ForgetPasswordViewModel.swift */,
			);
			path = ViewModel;
			sourceTree = "<group>";
		};
		A3C778B92723DD92009D670A /* Component */ = {
			isa = PBXGroup;
			children = (
				A3C778C12723DF15009D670A /* TextTitle.swift */,
				A381D0552725E24900D15288 /* SecureFieldView.swift */,
				A381D04F2725DDCF00D15288 /* ButtonViewStyle.swift */,
				A381D0512725DDE200D15288 /* ButtonView.swift */,
				A3AE2F81272D1C5800330608 /* SingleDetailRow.swift */,
				A381D0572725EA1200D15288 /* LabelledDivider.swift */,
				A381D04B2725DD4100D15288 /* TextFieldView.swift */,
				A3976001273055340092F81A /* TopLeftTitle.swift */,
				A3FC8838272C814400E53914 /* Tabs.swift */,
				A381D04D2725DD7600D15288 /* TextViewStyle.swift */,
				A381D0492725DC4E00D15288 /* ColorExtension.swift */,
			);
			path = Component;
			sourceTree = "<group>";
		};
		A3C778BA2723DD9F009D670A /* Data */ = {
			isa = PBXGroup;
			children = (
				A3C778BD2723DE32009D670A /* ContentViewStrings.swift */,
				A381D05B2725F72A00D15288 /* ForgetPasswordViewStrings.swift */,
				A35161F82728A9AB005F031E /* CollectionNames.swift */,
				A3FC883E272C91A300E53914 /* SingleParkViewStrings.swift */,
				A381D0532725E17000D15288 /* LoginViewStrings.swift */,
				A381D0592725ECE200D15288 /* SignUpViewStrings.swift */,
			);
			path = Data;
			sourceTree = "<group>";
		};
		E5B21EDB79D7550125DF2295 /* Frameworks */ = {
			isa = PBXGroup;
			children = (
				A5BB2A73228D3A6965D58975 /* Pods_ihtMadhushankha_Cobsccomp005.framework */,
				8C3E9F04A19AE66012EDD660 /* Pods_ihtMadhushankha_Cobsccomp005_ihtMadhushankha_Cobsccomp005UITests.framework */,
				B3DAB2BA04D79F9908283440 /* Pods_ihtMadhushankha_Cobsccomp005Tests.framework */,
			);
			name = Frameworks;
			sourceTree = "<group>";
		};
/* End PBXGroup section */

/* Begin PBXNativeTarget section */
		A3C778882723DD37009D670A /* ihtMadhushankha-Cobsccomp005 */ = {
			isa = PBXNativeTarget;
			buildConfigurationList = A3C778AD2723DD39009D670A /* Build configuration list for PBXNativeTarget "ihtMadhushankha-Cobsccomp005" */;
			buildPhases = (
				569CC233356592932807367D /* [CP] Check Pods Manifest.lock */,
				A3C778852723DD37009D670A /* Sources */,
				A3C778862723DD37009D670A /* Frameworks */,
				A3C778872723DD37009D670A /* Resources */,
				14E91632A930B81E9F127B92 /* [CP] Embed Pods Frameworks */,
			);
			buildRules = (
			);
			dependencies = (
			);
			name = "ihtMadhushankha-Cobsccomp005";
			productName = "ihtMadhushankha-Cobsccomp005";
			productReference = A3C778892723DD37009D670A /* ihtMadhushankha-Cobsccomp005.app */;
			productType = "com.apple.product-type.application";
		};
		A3C778982723DD39009D670A /* ihtMadhushankha-Cobsccomp005Tests */ = {
			isa = PBXNativeTarget;
			buildConfigurationList = A3C778B02723DD39009D670A /* Build configuration list for PBXNativeTarget "ihtMadhushankha-Cobsccomp005Tests" */;
			buildPhases = (
				19B64C98A03EB3D261972DD3 /* [CP] Check Pods Manifest.lock */,
				A3C778952723DD39009D670A /* Sources */,
				A3C778962723DD39009D670A /* Frameworks */,
				A3C778972723DD39009D670A /* Resources */,
			);
			buildRules = (
			);
			dependencies = (
				A3C7789B2723DD39009D670A /* PBXTargetDependency */,
			);
			name = "ihtMadhushankha-Cobsccomp005Tests";
			productName = "ihtMadhushankha-Cobsccomp005Tests";
			productReference = A3C778992723DD39009D670A /* ihtMadhushankha-Cobsccomp005Tests.xctest */;
			productType = "com.apple.product-type.bundle.unit-test";
		};
		A3C778A22723DD39009D670A /* ihtMadhushankha-Cobsccomp005UITests */ = {
			isa = PBXNativeTarget;
			buildConfigurationList = A3C778B32723DD39009D670A /* Build configuration list for PBXNativeTarget "ihtMadhushankha-Cobsccomp005UITests" */;
			buildPhases = (
				E30AFD68D026BF084C8167F7 /* [CP] Check Pods Manifest.lock */,
				A3C7789F2723DD39009D670A /* Sources */,
				A3C778A02723DD39009D670A /* Frameworks */,
				A3C778A12723DD39009D670A /* Resources */,
				AB37DEA54240836CA0473D37 /* [CP] Embed Pods Frameworks */,
			);
			buildRules = (
			);
			dependencies = (
				A3C778A52723DD39009D670A /* PBXTargetDependency */,
			);
			name = "ihtMadhushankha-Cobsccomp005UITests";
			productName = "ihtMadhushankha-Cobsccomp005UITests";
			productReference = A3C778A32723DD39009D670A /* ihtMadhushankha-Cobsccomp005UITests.xctest */;
			productType = "com.apple.product-type.bundle.ui-testing";
		};
/* End PBXNativeTarget section */

/* Begin PBXProject section */
		A3C778812723DD37009D670A /* Project object */ = {
			isa = PBXProject;
			attributes = {
				BuildIndependentTargetsInParallel = 1;
				LastSwiftUpdateCheck = 1300;
				LastUpgradeCheck = 1300;
				TargetAttributes = {
					A3C778882723DD37009D670A = {
						CreatedOnToolsVersion = 13.0;
					};
					A3C778982723DD39009D670A = {
						CreatedOnToolsVersion = 13.0;
						TestTargetID = A3C778882723DD37009D670A;
					};
					A3C778A22723DD39009D670A = {
						CreatedOnToolsVersion = 13.0;
						TestTargetID = A3C778882723DD37009D670A;
					};
				};
			};
			buildConfigurationList = A3C778842723DD37009D670A /* Build configuration list for PBXProject "ihtMadhushankha-Cobsccomp005" */;
			compatibilityVersion = "Xcode 13.0";
			developmentRegion = en;
			hasScannedForEncodings = 0;
			knownRegions = (
				en,
				Base,
			);
			mainGroup = A3C778802723DD37009D670A;
			productRefGroup = A3C7788A2723DD37009D670A /* Products */;
			projectDirPath = "";
			projectRoot = "";
			targets = (
				A3C778882723DD37009D670A /* ihtMadhushankha-Cobsccomp005 */,
				A3C778982723DD39009D670A /* ihtMadhushankha-Cobsccomp005Tests */,
				A3C778A22723DD39009D670A /* ihtMadhushankha-Cobsccomp005UITests */,
			);
		};
/* End PBXProject section */

/* Begin PBXResourcesBuildPhase section */
		A3C778872723DD37009D670A /* Resources */ = {
			isa = PBXResourcesBuildPhase;
			buildActionMask = 2147483647;
			files = (
				A381D0432725D93200D15288 /* Poppins-SemiBold.ttf in Resources */,
				A381D0452725D93200D15288 /* Poppins-Medium.ttf in Resources */,
				A381D0442725D93200D15288 /* Poppins-Light.ttf in Resources */,
				A381D0462725D93200D15288 /* Poppins-Bold.ttf in Resources */,
				A3C778942723DD39009D670A /* Preview Assets.xcassets in Resources */,
				A3C778912723DD39009D670A /* Assets.xcassets in Resources */,
				A3C778C62723F6CD009D670A /* GoogleService-Info.plist in Resources */,
				A381D0422725D93200D15288 /* Poppins-Regular.ttf in Resources */,
			);
			runOnlyForDeploymentPostprocessing = 0;
		};
		A3C778972723DD39009D670A /* Resources */ = {
			isa = PBXResourcesBuildPhase;
			buildActionMask = 2147483647;
			files = (
			);
			runOnlyForDeploymentPostprocessing = 0;
		};
		A3C778A12723DD39009D670A /* Resources */ = {
			isa = PBXResourcesBuildPhase;
			buildActionMask = 2147483647;
			files = (
			);
			runOnlyForDeploymentPostprocessing = 0;
		};
/* End PBXResourcesBuildPhase section */

/* Begin PBXShellScriptBuildPhase section */
		14E91632A930B81E9F127B92 /* [CP] Embed Pods Frameworks */ = {
			isa = PBXShellScriptBuildPhase;
			buildActionMask = 2147483647;
			files = (
			);
			inputFileListPaths = (
				"${PODS_ROOT}/Target Support Files/Pods-ihtMadhushankha-Cobsccomp005/Pods-ihtMadhushankha-Cobsccomp005-frameworks-${CONFIGURATION}-input-files.xcfilelist",
			);
			name = "[CP] Embed Pods Frameworks";
			outputFileListPaths = (
				"${PODS_ROOT}/Target Support Files/Pods-ihtMadhushankha-Cobsccomp005/Pods-ihtMadhushankha-Cobsccomp005-frameworks-${CONFIGURATION}-output-files.xcfilelist",
			);
			runOnlyForDeploymentPostprocessing = 0;
			shellPath = /bin/sh;
			shellScript = "\"${PODS_ROOT}/Target Support Files/Pods-ihtMadhushankha-Cobsccomp005/Pods-ihtMadhushankha-Cobsccomp005-frameworks.sh\"\n";
			showEnvVarsInLog = 0;
		};
		19B64C98A03EB3D261972DD3 /* [CP] Check Pods Manifest.lock */ = {
			isa = PBXShellScriptBuildPhase;
			buildActionMask = 2147483647;
			files = (
			);
			inputFileListPaths = (
			);
			inputPaths = (
				"${PODS_PODFILE_DIR_PATH}/Podfile.lock",
				"${PODS_ROOT}/Manifest.lock",
			);
			name = "[CP] Check Pods Manifest.lock";
			outputFileListPaths = (
			);
			outputPaths = (
				"$(DERIVED_FILE_DIR)/Pods-ihtMadhushankha-Cobsccomp005Tests-checkManifestLockResult.txt",
			);
			runOnlyForDeploymentPostprocessing = 0;
			shellPath = /bin/sh;
			shellScript = "diff \"${PODS_PODFILE_DIR_PATH}/Podfile.lock\" \"${PODS_ROOT}/Manifest.lock\" > /dev/null\nif [ $? != 0 ] ; then\n    # print error to STDERR\n    echo \"error: The sandbox is not in sync with the Podfile.lock. Run 'pod install' or update your CocoaPods installation.\" >&2\n    exit 1\nfi\n# This output is used by Xcode 'outputs' to avoid re-running this script phase.\necho \"SUCCESS\" > \"${SCRIPT_OUTPUT_FILE_0}\"\n";
			showEnvVarsInLog = 0;
		};
		569CC233356592932807367D /* [CP] Check Pods Manifest.lock */ = {
			isa = PBXShellScriptBuildPhase;
			buildActionMask = 2147483647;
			files = (
			);
			inputFileListPaths = (
			);
			inputPaths = (
				"${PODS_PODFILE_DIR_PATH}/Podfile.lock",
				"${PODS_ROOT}/Manifest.lock",
			);
			name = "[CP] Check Pods Manifest.lock";
			outputFileListPaths = (
			);
			outputPaths = (
				"$(DERIVED_FILE_DIR)/Pods-ihtMadhushankha-Cobsccomp005-checkManifestLockResult.txt",
			);
			runOnlyForDeploymentPostprocessing = 0;
			shellPath = /bin/sh;
			shellScript = "diff \"${PODS_PODFILE_DIR_PATH}/Podfile.lock\" \"${PODS_ROOT}/Manifest.lock\" > /dev/null\nif [ $? != 0 ] ; then\n    # print error to STDERR\n    echo \"error: The sandbox is not in sync with the Podfile.lock. Run 'pod install' or update your CocoaPods installation.\" >&2\n    exit 1\nfi\n# This output is used by Xcode 'outputs' to avoid re-running this script phase.\necho \"SUCCESS\" > \"${SCRIPT_OUTPUT_FILE_0}\"\n";
			showEnvVarsInLog = 0;
		};
		AB37DEA54240836CA0473D37 /* [CP] Embed Pods Frameworks */ = {
			isa = PBXShellScriptBuildPhase;
			buildActionMask = 2147483647;
			files = (
			);
			inputFileListPaths = (
				"${PODS_ROOT}/Target Support Files/Pods-ihtMadhushankha-Cobsccomp005-ihtMadhushankha-Cobsccomp005UITests/Pods-ihtMadhushankha-Cobsccomp005-ihtMadhushankha-Cobsccomp005UITests-frameworks-${CONFIGURATION}-input-files.xcfilelist",
			);
			name = "[CP] Embed Pods Frameworks";
			outputFileListPaths = (
				"${PODS_ROOT}/Target Support Files/Pods-ihtMadhushankha-Cobsccomp005-ihtMadhushankha-Cobsccomp005UITests/Pods-ihtMadhushankha-Cobsccomp005-ihtMadhushankha-Cobsccomp005UITests-frameworks-${CONFIGURATION}-output-files.xcfilelist",
			);
			runOnlyForDeploymentPostprocessing = 0;
			shellPath = /bin/sh;
			shellScript = "\"${PODS_ROOT}/Target Support Files/Pods-ihtMadhushankha-Cobsccomp005-ihtMadhushankha-Cobsccomp005UITests/Pods-ihtMadhushankha-Cobsccomp005-ihtMadhushankha-Cobsccomp005UITests-frameworks.sh\"\n";
			showEnvVarsInLog = 0;
		};
		E30AFD68D026BF084C8167F7 /* [CP] Check Pods Manifest.lock */ = {
			isa = PBXShellScriptBuildPhase;
			buildActionMask = 2147483647;
			files = (
			);
			inputFileListPaths = (
			);
			inputPaths = (
				"${PODS_PODFILE_DIR_PATH}/Podfile.lock",
				"${PODS_ROOT}/Manifest.lock",
			);
			name = "[CP] Check Pods Manifest.lock";
			outputFileListPaths = (
			);
			outputPaths = (
				"$(DERIVED_FILE_DIR)/Pods-ihtMadhushankha-Cobsccomp005-ihtMadhushankha-Cobsccomp005UITests-checkManifestLockResult.txt",
			);
			runOnlyForDeploymentPostprocessing = 0;
			shellPath = /bin/sh;
			shellScript = "diff \"${PODS_PODFILE_DIR_PATH}/Podfile.lock\" \"${PODS_ROOT}/Manifest.lock\" > /dev/null\nif [ $? != 0 ] ; then\n    # print error to STDERR\n    echo \"error: The sandbox is not in sync with the Podfile.lock. Run 'pod install' or update your CocoaPods installation.\" >&2\n    exit 1\nfi\n# This output is used by Xcode 'outputs' to avoid re-running this script phase.\necho \"SUCCESS\" > \"${SCRIPT_OUTPUT_FILE_0}\"\n";
			showEnvVarsInLog = 0;
		};
/* End PBXShellScriptBuildPhase section */

/* Begin PBXSourcesBuildPhase section */
		A3C778852723DD37009D670A /* Sources */ = {
			isa = PBXSourcesBuildPhase;
			buildActionMask = 2147483647;
			files = (
				A3C7788F2723DD37009D670A /* ContentView.swift in Sources */,
				A3C840832726D2EE0011161C /* ForgetPasswordViewModel.swift in Sources */,
				A381D0382725D57100D15288 /* LoginView.swift in Sources */,
				A3C840812726CEC00011161C /* LoginViewModel.swift in Sources */,
				A3FC883F272C91A300E53914 /* SingleParkViewStrings.swift in Sources */,
				A371AA292726B75A002EAC57 /* SignUpViewModel.swift in Sources */,
				A3C7788D2723DD37009D670A /* ihtMadhushankha_Cobsccomp005App.swift in Sources */,
				A381D04C2725DD4100D15288 /* TextFieldView.swift in Sources */,
				A3C778BC2723DE02009D670A /* ContentViewModel.swift in Sources */,
				A381D0582725EA1200D15288 /* LabelledDivider.swift in Sources */,
				A3C84089272740C40011161C /* ParkModel.swift in Sources */,
				A3D7027127311CFA00834840 /* UserData.swift in Sources */,
				A381D0542725E17000D15288 /* LoginViewStrings.swift in Sources */,
				A381D05C2725F72A00D15288 /* ForgetPasswordViewStrings.swift in Sources */,
				A381D0562725E24900D15288 /* SecureFieldView.swift in Sources */,
				A3A843AC272DC2700090D7A2 /* SingleParkViewModel.swift in Sources */,
				A3D7026F27311BA000834840 /* SettingsViewModel.swift in Sources */,
				A381D0502725DDCF00D15288 /* ButtonViewStyle.swift in Sources */,
				A381D0522725DDE200D15288 /* ButtonView.swift in Sources */,
				A381D0482725DA0000D15288 /* ForgetPasswordView.swift in Sources */,
				A3AE2F82272D1C5800330608 /* SingleDetailRow.swift in Sources */,
				A3FC8837272C813100E53914 /* Tab.swift in Sources */,
				A35161F92728A9AB005F031E /* CollectionNames.swift in Sources */,
				A381D03A2725D57D00D15288 /* SignUpView.swift in Sources */,
				A381D04E2725DD7600D15288 /* TextViewStyle.swift in Sources */,
				A371AA2B2726BB74002EAC57 /* HomeView.swift in Sources */,
				A3976002273055340092F81A /* TopLeftTitle.swift in Sources */,
				A3C778C02723DE6B009D670A /* User.swift in Sources */,
				A3C8408527272D780011161C /* HomeViewModel.swift in Sources */,
				A3FC8839272C814400E53914 /* Tabs.swift in Sources */,
				A3975FFC27304FD30092F81A /* TabMainView.swift in Sources */,
				A3C778BE2723DE32009D670A /* ContentViewStrings.swift in Sources */,
				A381D05A2725ECE200D15288 /* SignUpViewStrings.swift in Sources */,
				A3975FFE27304FED0092F81A /* BookView.swift in Sources */,
				A3FC883D272C855600E53914 /* SingleParkView.swift in Sources */,
				A3FC883B272C81AF00E53914 /* HomeTopTabView.swift in Sources */,
				A3C778C22723DF15009D670A /* TextTitle.swift in Sources */,
				A3C84087272730DD0011161C /* ParkingView.swift in Sources */,
				A35161F727289253005F031E /* SignUpValidation.swift in Sources */,
				A381D04A2725DC4E00D15288 /* ColorExtension.swift in Sources */,
				A397600027304FFF0092F81A /* SettingsView.swift in Sources */,
			);
			runOnlyForDeploymentPostprocessing = 0;
		};
		A3C778952723DD39009D670A /* Sources */ = {
			isa = PBXSourcesBuildPhase;
			buildActionMask = 2147483647;
			files = (
				A3C7789E2723DD39009D670A /* ihtMadhushankha_Cobsccomp005Tests.swift in Sources */,
			);
			runOnlyForDeploymentPostprocessing = 0;
		};
		A3C7789F2723DD39009D670A /* Sources */ = {
			isa = PBXSourcesBuildPhase;
			buildActionMask = 2147483647;
			files = (
				A3C778A82723DD39009D670A /* ihtMadhushankha_Cobsccomp005UITests.swift in Sources */,
				A3C778AA2723DD39009D670A /* ihtMadhushankha_Cobsccomp005UITestsLaunchTests.swift in Sources */,
			);
			runOnlyForDeploymentPostprocessing = 0;
		};
/* End PBXSourcesBuildPhase section */

/* Begin PBXTargetDependency section */
		A3C7789B2723DD39009D670A /* PBXTargetDependency */ = {
			isa = PBXTargetDependency;
			target = A3C778882723DD37009D670A /* ihtMadhushankha-Cobsccomp005 */;
			targetProxy = A3C7789A2723DD39009D670A /* PBXContainerItemProxy */;
		};
		A3C778A52723DD39009D670A /* PBXTargetDependency */ = {
			isa = PBXTargetDependency;
			target = A3C778882723DD37009D670A /* ihtMadhushankha-Cobsccomp005 */;
			targetProxy = A3C778A42723DD39009D670A /* PBXContainerItemProxy */;
		};
/* End PBXTargetDependency section */

/* Begin XCBuildConfiguration section */
		A3C778AB2723DD39009D670A /* Debug */ = {
			isa = XCBuildConfiguration;
			buildSettings = {
				ALWAYS_SEARCH_USER_PATHS = NO;
				CLANG_ANALYZER_NONNULL = YES;
				CLANG_ANALYZER_NUMBER_OBJECT_CONVERSION = YES_AGGRESSIVE;
				CLANG_CXX_LANGUAGE_STANDARD = "gnu++17";
				CLANG_CXX_LIBRARY = "libc++";
				CLANG_ENABLE_MODULES = YES;
				CLANG_ENABLE_OBJC_ARC = YES;
				CLANG_ENABLE_OBJC_WEAK = YES;
				CLANG_WARN_BLOCK_CAPTURE_AUTORELEASING = YES;
				CLANG_WARN_BOOL_CONVERSION = YES;
				CLANG_WARN_COMMA = YES;
				CLANG_WARN_CONSTANT_CONVERSION = YES;
				CLANG_WARN_DEPRECATED_OBJC_IMPLEMENTATIONS = YES;
				CLANG_WARN_DIRECT_OBJC_ISA_USAGE = YES_ERROR;
				CLANG_WARN_DOCUMENTATION_COMMENTS = YES;
				CLANG_WARN_EMPTY_BODY = YES;
				CLANG_WARN_ENUM_CONVERSION = YES;
				CLANG_WARN_INFINITE_RECURSION = YES;
				CLANG_WARN_INT_CONVERSION = YES;
				CLANG_WARN_NON_LITERAL_NULL_CONVERSION = YES;
				CLANG_WARN_OBJC_IMPLICIT_RETAIN_SELF = YES;
				CLANG_WARN_OBJC_LITERAL_CONVERSION = YES;
				CLANG_WARN_OBJC_ROOT_CLASS = YES_ERROR;
				CLANG_WARN_QUOTED_INCLUDE_IN_FRAMEWORK_HEADER = YES;
				CLANG_WARN_RANGE_LOOP_ANALYSIS = YES;
				CLANG_WARN_STRICT_PROTOTYPES = YES;
				CLANG_WARN_SUSPICIOUS_MOVE = YES;
				CLANG_WARN_UNGUARDED_AVAILABILITY = YES_AGGRESSIVE;
				CLANG_WARN_UNREACHABLE_CODE = YES;
				CLANG_WARN__DUPLICATE_METHOD_MATCH = YES;
				COPY_PHASE_STRIP = NO;
				DEBUG_INFORMATION_FORMAT = dwarf;
				ENABLE_STRICT_OBJC_MSGSEND = YES;
				ENABLE_TESTABILITY = YES;
				GCC_C_LANGUAGE_STANDARD = gnu11;
				GCC_DYNAMIC_NO_PIC = NO;
				GCC_NO_COMMON_BLOCKS = YES;
				GCC_OPTIMIZATION_LEVEL = 0;
				GCC_PREPROCESSOR_DEFINITIONS = (
					"DEBUG=1",
					"$(inherited)",
				);
				GCC_WARN_64_TO_32_BIT_CONVERSION = YES;
				GCC_WARN_ABOUT_RETURN_TYPE = YES_ERROR;
				GCC_WARN_UNDECLARED_SELECTOR = YES;
				GCC_WARN_UNINITIALIZED_AUTOS = YES_AGGRESSIVE;
				GCC_WARN_UNUSED_FUNCTION = YES;
				GCC_WARN_UNUSED_VARIABLE = YES;
				IPHONEOS_DEPLOYMENT_TARGET = 15.0;
				MTL_ENABLE_DEBUG_INFO = INCLUDE_SOURCE;
				MTL_FAST_MATH = YES;
				ONLY_ACTIVE_ARCH = YES;
				SDKROOT = iphoneos;
				SWIFT_ACTIVE_COMPILATION_CONDITIONS = DEBUG;
				SWIFT_OPTIMIZATION_LEVEL = "-Onone";
			};
			name = Debug;
		};
		A3C778AC2723DD39009D670A /* Release */ = {
			isa = XCBuildConfiguration;
			buildSettings = {
				ALWAYS_SEARCH_USER_PATHS = NO;
				CLANG_ANALYZER_NONNULL = YES;
				CLANG_ANALYZER_NUMBER_OBJECT_CONVERSION = YES_AGGRESSIVE;
				CLANG_CXX_LANGUAGE_STANDARD = "gnu++17";
				CLANG_CXX_LIBRARY = "libc++";
				CLANG_ENABLE_MODULES = YES;
				CLANG_ENABLE_OBJC_ARC = YES;
				CLANG_ENABLE_OBJC_WEAK = YES;
				CLANG_WARN_BLOCK_CAPTURE_AUTORELEASING = YES;
				CLANG_WARN_BOOL_CONVERSION = YES;
				CLANG_WARN_COMMA = YES;
				CLANG_WARN_CONSTANT_CONVERSION = YES;
				CLANG_WARN_DEPRECATED_OBJC_IMPLEMENTATIONS = YES;
				CLANG_WARN_DIRECT_OBJC_ISA_USAGE = YES_ERROR;
				CLANG_WARN_DOCUMENTATION_COMMENTS = YES;
				CLANG_WARN_EMPTY_BODY = YES;
				CLANG_WARN_ENUM_CONVERSION = YES;
				CLANG_WARN_INFINITE_RECURSION = YES;
				CLANG_WARN_INT_CONVERSION = YES;
				CLANG_WARN_NON_LITERAL_NULL_CONVERSION = YES;
				CLANG_WARN_OBJC_IMPLICIT_RETAIN_SELF = YES;
				CLANG_WARN_OBJC_LITERAL_CONVERSION = YES;
				CLANG_WARN_OBJC_ROOT_CLASS = YES_ERROR;
				CLANG_WARN_QUOTED_INCLUDE_IN_FRAMEWORK_HEADER = YES;
				CLANG_WARN_RANGE_LOOP_ANALYSIS = YES;
				CLANG_WARN_STRICT_PROTOTYPES = YES;
				CLANG_WARN_SUSPICIOUS_MOVE = YES;
				CLANG_WARN_UNGUARDED_AVAILABILITY = YES_AGGRESSIVE;
				CLANG_WARN_UNREACHABLE_CODE = YES;
				CLANG_WARN__DUPLICATE_METHOD_MATCH = YES;
				COPY_PHASE_STRIP = NO;
				DEBUG_INFORMATION_FORMAT = "dwarf-with-dsym";
				ENABLE_NS_ASSERTIONS = NO;
				ENABLE_STRICT_OBJC_MSGSEND = YES;
				GCC_C_LANGUAGE_STANDARD = gnu11;
				GCC_NO_COMMON_BLOCKS = YES;
				GCC_WARN_64_TO_32_BIT_CONVERSION = YES;
				GCC_WARN_ABOUT_RETURN_TYPE = YES_ERROR;
				GCC_WARN_UNDECLARED_SELECTOR = YES;
				GCC_WARN_UNINITIALIZED_AUTOS = YES_AGGRESSIVE;
				GCC_WARN_UNUSED_FUNCTION = YES;
				GCC_WARN_UNUSED_VARIABLE = YES;
				IPHONEOS_DEPLOYMENT_TARGET = 15.0;
				MTL_ENABLE_DEBUG_INFO = NO;
				MTL_FAST_MATH = YES;
				SDKROOT = iphoneos;
				SWIFT_COMPILATION_MODE = wholemodule;
				SWIFT_OPTIMIZATION_LEVEL = "-O";
				VALIDATE_PRODUCT = YES;
			};
			name = Release;
		};
		A3C778AE2723DD39009D670A /* Debug */ = {
			isa = XCBuildConfiguration;
			baseConfigurationReference = 547E8593A9EF3DDC010DC3EC /* Pods-ihtMadhushankha-Cobsccomp005.debug.xcconfig */;
			buildSettings = {
				ASSETCATALOG_COMPILER_APPICON_NAME = AppIcon;
				ASSETCATALOG_COMPILER_GLOBAL_ACCENT_COLOR_NAME = AccentColor;
				CODE_SIGN_STYLE = Automatic;
				CURRENT_PROJECT_VERSION = 1;
				DEVELOPMENT_ASSET_PATHS = "\"ihtMadhushankha-Cobsccomp005/Preview Content\"";
				ENABLE_PREVIEWS = YES;
				GENERATE_INFOPLIST_FILE = YES;
				INFOPLIST_FILE = "ihtMadhushankha-Cobsccomp005/Info.plist";
				INFOPLIST_KEY_UIApplicationSceneManifest_Generation = YES;
				INFOPLIST_KEY_UIApplicationSupportsIndirectInputEvents = YES;
				INFOPLIST_KEY_UILaunchScreen_Generation = YES;
				INFOPLIST_KEY_UISupportedInterfaceOrientations_iPad = "UIInterfaceOrientationPortrait UIInterfaceOrientationPortraitUpsideDown UIInterfaceOrientationLandscapeLeft UIInterfaceOrientationLandscapeRight";
				INFOPLIST_KEY_UISupportedInterfaceOrientations_iPhone = "UIInterfaceOrientationPortrait UIInterfaceOrientationLandscapeLeft UIInterfaceOrientationLandscapeRight";
				IPHONEOS_DEPLOYMENT_TARGET = 14.0;
				LD_RUNPATH_SEARCH_PATHS = (
					"$(inherited)",
					"@executable_path/Frameworks",
				);
				MARKETING_VERSION = 1.0;
				PRODUCT_BUNDLE_IDENTIFIER = "lk.thushal.ihtMadhushankha-Cobsccomp005";
				PRODUCT_NAME = "$(TARGET_NAME)";
				SWIFT_EMIT_LOC_STRINGS = YES;
				SWIFT_VERSION = 5.0;
				TARGETED_DEVICE_FAMILY = "1,2";
			};
			name = Debug;
		};
		A3C778AF2723DD39009D670A /* Release */ = {
			isa = XCBuildConfiguration;
			baseConfigurationReference = DB0C609A448DCBFBF82E87F7 /* Pods-ihtMadhushankha-Cobsccomp005.release.xcconfig */;
			buildSettings = {
				ASSETCATALOG_COMPILER_APPICON_NAME = AppIcon;
				ASSETCATALOG_COMPILER_GLOBAL_ACCENT_COLOR_NAME = AccentColor;
				CODE_SIGN_STYLE = Automatic;
				CURRENT_PROJECT_VERSION = 1;
				DEVELOPMENT_ASSET_PATHS = "\"ihtMadhushankha-Cobsccomp005/Preview Content\"";
				ENABLE_PREVIEWS = YES;
				GENERATE_INFOPLIST_FILE = YES;
				INFOPLIST_FILE = "ihtMadhushankha-Cobsccomp005/Info.plist";
				INFOPLIST_KEY_UIApplicationSceneManifest_Generation = YES;
				INFOPLIST_KEY_UIApplicationSupportsIndirectInputEvents = YES;
				INFOPLIST_KEY_UILaunchScreen_Generation = YES;
				INFOPLIST_KEY_UISupportedInterfaceOrientations_iPad = "UIInterfaceOrientationPortrait UIInterfaceOrientationPortraitUpsideDown UIInterfaceOrientationLandscapeLeft UIInterfaceOrientationLandscapeRight";
				INFOPLIST_KEY_UISupportedInterfaceOrientations_iPhone = "UIInterfaceOrientationPortrait UIInterfaceOrientationLandscapeLeft UIInterfaceOrientationLandscapeRight";
				IPHONEOS_DEPLOYMENT_TARGET = 14.0;
				LD_RUNPATH_SEARCH_PATHS = (
					"$(inherited)",
					"@executable_path/Frameworks",
				);
				MARKETING_VERSION = 1.0;
				PRODUCT_BUNDLE_IDENTIFIER = "lk.thushal.ihtMadhushankha-Cobsccomp005";
				PRODUCT_NAME = "$(TARGET_NAME)";
				SWIFT_EMIT_LOC_STRINGS = YES;
				SWIFT_VERSION = 5.0;
				TARGETED_DEVICE_FAMILY = "1,2";
			};
			name = Release;
		};
		A3C778B12723DD39009D670A /* Debug */ = {
			isa = XCBuildConfiguration;
			baseConfigurationReference = F21D00D230A35E08F9BD108F /* Pods-ihtMadhushankha-Cobsccomp005Tests.debug.xcconfig */;
			buildSettings = {
				ALWAYS_EMBED_SWIFT_STANDARD_LIBRARIES = YES;
				BUNDLE_LOADER = "$(TEST_HOST)";
				CODE_SIGN_STYLE = Automatic;
				CURRENT_PROJECT_VERSION = 1;
				GENERATE_INFOPLIST_FILE = YES;
				IPHONEOS_DEPLOYMENT_TARGET = 14.0;
				LD_RUNPATH_SEARCH_PATHS = (
					"$(inherited)",
					"@executable_path/Frameworks",
					"@loader_path/Frameworks",
				);
				MARKETING_VERSION = 1.0;
				PRODUCT_BUNDLE_IDENTIFIER = "lk.thushal.ihtMadhushankha-Cobsccomp005Tests";
				PRODUCT_NAME = "$(TARGET_NAME)";
				SWIFT_EMIT_LOC_STRINGS = NO;
				SWIFT_VERSION = 5.0;
				TARGETED_DEVICE_FAMILY = "1,2";
				TEST_HOST = "$(BUILT_PRODUCTS_DIR)/ihtMadhushankha-Cobsccomp005.app/ihtMadhushankha-Cobsccomp005";
			};
			name = Debug;
		};
		A3C778B22723DD39009D670A /* Release */ = {
			isa = XCBuildConfiguration;
			baseConfigurationReference = E29549D037649B1E80AE7293 /* Pods-ihtMadhushankha-Cobsccomp005Tests.release.xcconfig */;
			buildSettings = {
				ALWAYS_EMBED_SWIFT_STANDARD_LIBRARIES = YES;
				BUNDLE_LOADER = "$(TEST_HOST)";
				CODE_SIGN_STYLE = Automatic;
				CURRENT_PROJECT_VERSION = 1;
				GENERATE_INFOPLIST_FILE = YES;
				IPHONEOS_DEPLOYMENT_TARGET = 14.0;
				LD_RUNPATH_SEARCH_PATHS = (
					"$(inherited)",
					"@executable_path/Frameworks",
					"@loader_path/Frameworks",
				);
				MARKETING_VERSION = 1.0;
				PRODUCT_BUNDLE_IDENTIFIER = "lk.thushal.ihtMadhushankha-Cobsccomp005Tests";
				PRODUCT_NAME = "$(TARGET_NAME)";
				SWIFT_EMIT_LOC_STRINGS = NO;
				SWIFT_VERSION = 5.0;
				TARGETED_DEVICE_FAMILY = "1,2";
				TEST_HOST = "$(BUILT_PRODUCTS_DIR)/ihtMadhushankha-Cobsccomp005.app/ihtMadhushankha-Cobsccomp005";
			};
			name = Release;
		};
		A3C778B42723DD39009D670A /* Debug */ = {
			isa = XCBuildConfiguration;
			baseConfigurationReference = C710C70CBB41AAAFCED044EB /* Pods-ihtMadhushankha-Cobsccomp005-ihtMadhushankha-Cobsccomp005UITests.debug.xcconfig */;
			buildSettings = {
				ALWAYS_EMBED_SWIFT_STANDARD_LIBRARIES = YES;
				CODE_SIGN_STYLE = Automatic;
				CURRENT_PROJECT_VERSION = 1;
				GENERATE_INFOPLIST_FILE = YES;
				LD_RUNPATH_SEARCH_PATHS = (
					"$(inherited)",
					"@executable_path/Frameworks",
					"@loader_path/Frameworks",
				);
				MARKETING_VERSION = 1.0;
				PRODUCT_BUNDLE_IDENTIFIER = "lk.thushal.ihtMadhushankha-Cobsccomp005UITests";
				PRODUCT_NAME = "$(TARGET_NAME)";
				SWIFT_EMIT_LOC_STRINGS = NO;
				SWIFT_VERSION = 5.0;
				TARGETED_DEVICE_FAMILY = "1,2";
				TEST_TARGET_NAME = "ihtMadhushankha-Cobsccomp005";
			};
			name = Debug;
		};
		A3C778B52723DD39009D670A /* Release */ = {
			isa = XCBuildConfiguration;
			baseConfigurationReference = 16B4C89255FB7F3B187E5848 /* Pods-ihtMadhushankha-Cobsccomp005-ihtMadhushankha-Cobsccomp005UITests.release.xcconfig */;
			buildSettings = {
				ALWAYS_EMBED_SWIFT_STANDARD_LIBRARIES = YES;
				CODE_SIGN_STYLE = Automatic;
				CURRENT_PROJECT_VERSION = 1;
				GENERATE_INFOPLIST_FILE = YES;
				LD_RUNPATH_SEARCH_PATHS = (
					"$(inherited)",
					"@executable_path/Frameworks",
					"@loader_path/Frameworks",
				);
				MARKETING_VERSION = 1.0;
				PRODUCT_BUNDLE_IDENTIFIER = "lk.thushal.ihtMadhushankha-Cobsccomp005UITests";
				PRODUCT_NAME = "$(TARGET_NAME)";
				SWIFT_EMIT_LOC_STRINGS = NO;
				SWIFT_VERSION = 5.0;
				TARGETED_DEVICE_FAMILY = "1,2";
				TEST_TARGET_NAME = "ihtMadhushankha-Cobsccomp005";
			};
			name = Release;
		};
/* End XCBuildConfiguration section */

/* Begin XCConfigurationList section */
		A3C778842723DD37009D670A /* Build configuration list for PBXProject "ihtMadhushankha-Cobsccomp005" */ = {
			isa = XCConfigurationList;
			buildConfigurations = (
				A3C778AB2723DD39009D670A /* Debug */,
				A3C778AC2723DD39009D670A /* Release */,
			);
			defaultConfigurationIsVisible = 0;
			defaultConfigurationName = Release;
		};
		A3C778AD2723DD39009D670A /* Build configuration list for PBXNativeTarget "ihtMadhushankha-Cobsccomp005" */ = {
			isa = XCConfigurationList;
			buildConfigurations = (
				A3C778AE2723DD39009D670A /* Debug */,
				A3C778AF2723DD39009D670A /* Release */,
			);
			defaultConfigurationIsVisible = 0;
			defaultConfigurationName = Release;
		};
		A3C778B02723DD39009D670A /* Build configuration list for PBXNativeTarget "ihtMadhushankha-Cobsccomp005Tests" */ = {
			isa = XCConfigurationList;
			buildConfigurations = (
				A3C778B12723DD39009D670A /* Debug */,
				A3C778B22723DD39009D670A /* Release */,
			);
			defaultConfigurationIsVisible = 0;
			defaultConfigurationName = Release;
		};
		A3C778B32723DD39009D670A /* Build configuration list for PBXNativeTarget "ihtMadhushankha-Cobsccomp005UITests" */ = {
			isa = XCConfigurationList;
			buildConfigurations = (
				A3C778B42723DD39009D670A /* Debug */,
				A3C778B52723DD39009D670A /* Release */,
			);
			defaultConfigurationIsVisible = 0;
			defaultConfigurationName = Release;
		};
/* End XCConfigurationList section */
	};
	rootObject = A3C778812723DD37009D670A /* Project object */;
}
