// !$*UTF8*$!
{
	archiveVersion = 1;
	classes = {
	};
	objectVersion = 55;
	objects = {

/* Begin PBXBuildFile section */
		A3C7788D2723DD37009D670A /* ihtMadhushankha_Cobsccomp005App.swift in Sources */ = {isa = PBXBuildFile; fileRef = A3C7788C2723DD37009D670A /* ihtMadhushankha_Cobsccomp005App.swift */; };
		A3C7788F2723DD37009D670A /* ContentView.swift in Sources */ = {isa = PBXBuildFile; fileRef = A3C7788E2723DD37009D670A /* ContentView.swift */; };
		A3C778912723DD39009D670A /* Assets.xcassets in Resources */ = {isa = PBXBuildFile; fileRef = A3C778902723DD39009D670A /* Assets.xcassets */; };
		A3C778942723DD39009D670A /* Preview Assets.xcassets in Resources */ = {isa = PBXBuildFile; fileRef = A3C778932723DD39009D670A /* Preview Assets.xcassets */; };
		A3C7789E2723DD39009D670A /* ihtMadhushankha_Cobsccomp005Tests.swift in Sources */ = {isa = PBXBuildFile; fileRef = A3C7789D2723DD39009D670A /* ihtMadhushankha_Cobsccomp005Tests.swift */; };
		A3C778A82723DD39009D670A /* ihtMadhushankha_Cobsccomp005UITests.swift in Sources */ = {isa = PBXBuildFile; fileRef = A3C778A72723DD39009D670A /* ihtMadhushankha_Cobsccomp005UITests.swift */; };
		A3C778AA2723DD39009D670A /* ihtMadhushankha_Cobsccomp005UITestsLaunchTests.swift in Sources */ = {isa = PBXBuildFile; fileRef = A3C778A92723DD39009D670A /* ihtMadhushankha_Cobsccomp005UITestsLaunchTests.swift */; };
		A3C778BC2723DE02009D670A /* ContentViewModel.swift in Sources */ = {isa = PBXBuildFile; fileRef = A3C778BB2723DE02009D670A /* ContentViewModel.swift */; };
		A3C778BE2723DE32009D670A /* ContentViewStrings.swift in Sources */ = {isa = PBXBuildFile; fileRef = A3C778BD2723DE32009D670A /* ContentViewStrings.swift */; };
		A3C778C02723DE6B009D670A /* User.swift in Sources */ = {isa = PBXBuildFile; fileRef = A3C778BF2723DE6B009D670A /* User.swift */; };
		A3C778C22723DF15009D670A /* TextTitle.swift in Sources */ = {isa = PBXBuildFile; fileRef = A3C778C12723DF15009D670A /* TextTitle.swift */; };
/* End PBXBuildFile section */

/* Begin PBXContainerItemProxy section */
		A3C7789A2723DD39009D670A /* PBXContainerItemProxy */ = {
			isa = PBXContainerItemProxy;
			containerPortal = A3C778812723DD37009D670A /* Project object */;
			proxyType = 1;
			remoteGlobalIDString = A3C778882723DD37009D670A;
			remoteInfo = "ihtMadhushankha-Cobsccomp005";
		};
		A3C778A42723DD39009D670A /* PBXContainerItemProxy */ = {
			isa = PBXContainerItemProxy;
			containerPortal = A3C778812723DD37009D670A /* Project object */;
			proxyType = 1;
			remoteGlobalIDString = A3C778882723DD37009D670A;
			remoteInfo = "ihtMadhushankha-Cobsccomp005";
		};
/* End PBXContainerItemProxy section */

/* Begin PBXFileReference section */
		A3C778892723DD37009D670A /* ihtMadhushankha-Cobsccomp005.app */ = {isa = PBXFileReference; explicitFileType = wrapper.application; includeInIndex = 0; path = "ihtMadhushankha-Cobsccomp005.app"; sourceTree = BUILT_PRODUCTS_DIR; };
		A3C7788C2723DD37009D670A /* ihtMadhushankha_Cobsccomp005App.swift */ = {isa = PBXFileReference; lastKnownFileType = sourcecode.swift; path = ihtMadhushankha_Cobsccomp005App.swift; sourceTree = "<group>"; };
		A3C7788E2723DD37009D670A /* ContentView.swift */ = {isa = PBXFileReference; lastKnownFileType = sourcecode.swift; path = ContentView.swift; sourceTree = "<group>"; };
		A3C778902723DD39009D670A /* Assets.xcassets */ = {isa = PBXFileReference; lastKnownFileType = folder.assetcatalog; path = Assets.xcassets; sourceTree = "<group>"; };
		A3C778932723DD39009D670A /* Preview Assets.xcassets */ = {isa = PBXFileReference; lastKnownFileType = folder.assetcatalog; path = "Preview Assets.xcassets"; sourceTree = "<group>"; };
		A3C778992723DD39009D670A /* ihtMadhushankha-Cobsccomp005Tests.xctest */ = {isa = PBXFileReference; explicitFileType = wrapper.cfbundle; includeInIndex = 0; path = "ihtMadhushankha-Cobsccomp005Tests.xctest"; sourceTree = BUILT_PRODUCTS_DIR; };
		A3C7789D2723DD39009D670A /* ihtMadhushankha_Cobsccomp005Tests.swift */ = {isa = PBXFileReference; lastKnownFileType = sourcecode.swift; path = ihtMadhushankha_Cobsccomp005Tests.swift; sourceTree = "<group>"; };
		A3C778A32723DD39009D670A /* ihtMadhushankha-Cobsccomp005UITests.xctest */ = {isa = PBXFileReference; explicitFileType = wrapper.cfbundle; includeInIndex = 0; path = "ihtMadhushankha-Cobsccomp005UITests.xctest"; sourceTree = BUILT_PRODUCTS_DIR; };
		A3C778A72723DD39009D670A /* ihtMadhushankha_Cobsccomp005UITests.swift */ = {isa = PBXFileReference; lastKnownFileType = sourcecode.swift; path = ihtMadhushankha_Cobsccomp005UITests.swift; sourceTree = "<group>"; };
		A3C778A92723DD39009D670A /* ihtMadhushankha_Cobsccomp005UITestsLaunchTests.swift */ = {isa = PBXFileReference; lastKnownFileType = sourcecode.swift; path = ihtMadhushankha_Cobsccomp005UITestsLaunchTests.swift; sourceTree = "<group>"; };
		A3C778BB2723DE02009D670A /* ContentViewModel.swift */ = {isa = PBXFileReference; lastKnownFileType = sourcecode.swift; path = ContentViewModel.swift; sourceTree = "<group>"; };
		A3C778BD2723DE32009D670A /* ContentViewStrings.swift */ = {isa = PBXFileReference; lastKnownFileType = sourcecode.swift; path = ContentViewStrings.swift; sourceTree = "<group>"; };
		A3C778BF2723DE6B009D670A /* User.swift */ = {isa = PBXFileReference; lastKnownFileType = sourcecode.swift; path = User.swift; sourceTree = "<group>"; };
		A3C778C12723DF15009D670A /* TextTitle.swift */ = {isa = PBXFileReference; lastKnownFileType = sourcecode.swift; path = TextTitle.swift; sourceTree = "<group>"; };
/* End PBXFileReference section */

/* Begin PBXFrameworksBuildPhase section */
		A3C778862723DD37009D670A /* Frameworks */ = {
			isa = PBXFrameworksBuildPhase;
			buildActionMask = 2147483647;
			files = (
			);
			runOnlyForDeploymentPostprocessing = 0;
		};
		A3C778962723DD39009D670A /* Frameworks */ = {
			isa = PBXFrameworksBuildPhase;
			buildActionMask = 2147483647;
			files = (
			);
			runOnlyForDeploymentPostprocessing = 0;
		};
		A3C778A02723DD39009D670A /* Frameworks */ = {
			isa = PBXFrameworksBuildPhase;
			buildActionMask = 2147483647;
			files = (
			);
			runOnlyForDeploymentPostprocessing = 0;
		};
/* End PBXFrameworksBuildPhase section */

/* Begin PBXGroup section */
		A3C778802723DD37009D670A = {
			isa = PBXGroup;
			children = (
				A3C7788B2723DD37009D670A /* ihtMadhushankha-Cobsccomp005 */,
				A3C7789C2723DD39009D670A /* ihtMadhushankha-Cobsccomp005Tests */,
				A3C778A62723DD39009D670A /* ihtMadhushankha-Cobsccomp005UITests */,
				A3C7788A2723DD37009D670A /* Products */,
			);
			sourceTree = "<group>";
		};
		A3C7788A2723DD37009D670A /* Products */ = {
			isa = PBXGroup;
			children = (
				A3C778892723DD37009D670A /* ihtMadhushankha-Cobsccomp005.app */,
				A3C778992723DD39009D670A /* ihtMadhushankha-Cobsccomp005Tests.xctest */,
				A3C778A32723DD39009D670A /* ihtMadhushankha-Cobsccomp005UITests.xctest */,
			);
			name = Products;
			sourceTree = "<group>";
		};
		A3C7788B2723DD37009D670A /* ihtMadhushankha-Cobsccomp005 */ = {
			isa = PBXGroup;
			children = (
				A3C778BA2723DD9F009D670A /* Data */,
				A3C778B92723DD92009D670A /* Component */,
				A3C778B82723DD83009D670A /* ViewModel */,
				A3C778B72723DD5F009D670A /* Model */,
				A3C778B62723DD54009D670A /* View */,
				A3C7788C2723DD37009D670A /* ihtMadhushankha_Cobsccomp005App.swift */,
				A3C778902723DD39009D670A /* Assets.xcassets */,
				A3C778922723DD39009D670A /* Preview Content */,
			);
			path = "ihtMadhushankha-Cobsccomp005";
			sourceTree = "<group>";
		};
		A3C778922723DD39009D670A /* Preview Content */ = {
			isa = PBXGroup;
			children = (
				A3C778932723DD39009D670A /* Preview Assets.xcassets */,
			);
			path = "Preview Content";
			sourceTree = "<group>";
		};
		A3C7789C2723DD39009D670A /* ihtMadhushankha-Cobsccomp005Tests */ = {
			isa = PBXGroup;
			children = (
				A3C7789D2723DD39009D670A /* ihtMadhushankha_Cobsccomp005Tests.swift */,
			);
			path = "ihtMadhushankha-Cobsccomp005Tests";
			sourceTree = "<group>";
		};
		A3C778A62723DD39009D670A /* ihtMadhushankha-Cobsccomp005UITests */ = {
			isa = PBXGroup;
			children = (
				A3C778A72723DD39009D670A /* ihtMadhushankha_Cobsccomp005UITests.swift */,
				A3C778A92723DD39009D670A /* ihtMadhushankha_Cobsccomp005UITestsLaunchTests.swift */,
			);
			path = "ihtMadhushankha-Cobsccomp005UITests";
			sourceTree = "<group>";
		};
		A3C778B62723DD54009D670A /* View */ = {
			isa = PBXGroup;
			children = (
				A3C7788E2723DD37009D670A /* ContentView.swift */,
			);
			path = View;
			sourceTree = "<group>";
		};
		A3C778B72723DD5F009D670A /* Model */ = {
			isa = PBXGroup;
			children = (
				A3C778BF2723DE6B009D670A /* User.swift */,
			);
			path = Model;
			sourceTree = "<group>";
		};
		A3C778B82723DD83009D670A /* ViewModel */ = {
			isa = PBXGroup;
			children = (
				A3C778BB2723DE02009D670A /* ContentViewModel.swift */,
			);
			path = ViewModel;
			sourceTree = "<group>";
		};
		A3C778B92723DD92009D670A /* Component */ = {
			isa = PBXGroup;
			children = (
				A3C778C12723DF15009D670A /* TextTitle.swift */,
			);
			path = Component;
			sourceTree = "<group>";
		};
		A3C778BA2723DD9F009D670A /* Data */ = {
			isa = PBXGroup;
			children = (
				A3C778BD2723DE32009D670A /* ContentViewStrings.swift */,
			);
			path = Data;
			sourceTree = "<group>";
		};
/* End PBXGroup section */

/* Begin PBXNativeTarget section */
		A3C778882723DD37009D670A /* ihtMadhushankha-Cobsccomp005 */ = {
			isa = PBXNativeTarget;
			buildConfigurationList = A3C778AD2723DD39009D670A /* Build configuration list for PBXNativeTarget "ihtMadhushankha-Cobsccomp005" */;
			buildPhases = (
				A3C778852723DD37009D670A /* Sources */,
				A3C778862723DD37009D670A /* Frameworks */,
				A3C778872723DD37009D670A /* Resources */,
			);
			buildRules = (
			);
			dependencies = (
			);
			name = "ihtMadhushankha-Cobsccomp005";
			productName = "ihtMadhushankha-Cobsccomp005";
			productReference = A3C778892723DD37009D670A /* ihtMadhushankha-Cobsccomp005.app */;
			productType = "com.apple.product-type.application";
		};
		A3C778982723DD39009D670A /* ihtMadhushankha-Cobsccomp005Tests */ = {
			isa = PBXNativeTarget;
			buildConfigurationList = A3C778B02723DD39009D670A /* Build configuration list for PBXNativeTarget "ihtMadhushankha-Cobsccomp005Tests" */;
			buildPhases = (
				A3C778952723DD39009D670A /* Sources */,
				A3C778962723DD39009D670A /* Frameworks */,
				A3C778972723DD39009D670A /* Resources */,
			);
			buildRules = (
			);
			dependencies = (
				A3C7789B2723DD39009D670A /* PBXTargetDependency */,
			);
			name = "ihtMadhushankha-Cobsccomp005Tests";
			productName = "ihtMadhushankha-Cobsccomp005Tests";
			productReference = A3C778992723DD39009D670A /* ihtMadhushankha-Cobsccomp005Tests.xctest */;
			productType = "com.apple.product-type.bundle.unit-test";
		};
		A3C778A22723DD39009D670A /* ihtMadhushankha-Cobsccomp005UITests */ = {
			isa = PBXNativeTarget;
			buildConfigurationList = A3C778B32723DD39009D670A /* Build configuration list for PBXNativeTarget "ihtMadhushankha-Cobsccomp005UITests" */;
			buildPhases = (
				A3C7789F2723DD39009D670A /* Sources */,
				A3C778A02723DD39009D670A /* Frameworks */,
				A3C778A12723DD39009D670A /* Resources */,
			);
			buildRules = (
			);
			dependencies = (
				A3C778A52723DD39009D670A /* PBXTargetDependency */,
			);
			name = "ihtMadhushankha-Cobsccomp005UITests";
			productName = "ihtMadhushankha-Cobsccomp005UITests";
			productReference = A3C778A32723DD39009D670A /* ihtMadhushankha-Cobsccomp005UITests.xctest */;
			productType = "com.apple.product-type.bundle.ui-testing";
		};
/* End PBXNativeTarget section */

/* Begin PBXProject section */
		A3C778812723DD37009D670A /* Project object */ = {
			isa = PBXProject;
			attributes = {
				BuildIndependentTargetsInParallel = 1;
				LastSwiftUpdateCheck = 1300;
				LastUpgradeCheck = 1300;
				TargetAttributes = {
					A3C778882723DD37009D670A = {
						CreatedOnToolsVersion = 13.0;
					};
					A3C778982723DD39009D670A = {
						CreatedOnToolsVersion = 13.0;
						TestTargetID = A3C778882723DD37009D670A;
					};
					A3C778A22723DD39009D670A = {
						CreatedOnToolsVersion = 13.0;
						TestTargetID = A3C778882723DD37009D670A;
					};
				};
			};
			buildConfigurationList = A3C778842723DD37009D670A /* Build configuration list for PBXProject "ihtMadhushankha-Cobsccomp005" */;
			compatibilityVersion = "Xcode 13.0";
			developmentRegion = en;
			hasScannedForEncodings = 0;
			knownRegions = (
				en,
				Base,
			);
			mainGroup = A3C778802723DD37009D670A;
			productRefGroup = A3C7788A2723DD37009D670A /* Products */;
			projectDirPath = "";
			projectRoot = "";
			targets = (
				A3C778882723DD37009D670A /* ihtMadhushankha-Cobsccomp005 */,
				A3C778982723DD39009D670A /* ihtMadhushankha-Cobsccomp005Tests */,
				A3C778A22723DD39009D670A /* ihtMadhushankha-Cobsccomp005UITests */,
			);
		};
/* End PBXProject section */

/* Begin PBXResourcesBuildPhase section */
		A3C778872723DD37009D670A /* Resources */ = {
			isa = PBXResourcesBuildPhase;
			buildActionMask = 2147483647;
			files = (
				A3C778942723DD39009D670A /* Preview Assets.xcassets in Resources */,
				A3C778912723DD39009D670A /* Assets.xcassets in Resources */,
			);
			runOnlyForDeploymentPostprocessing = 0;
		};
		A3C778972723DD39009D670A /* Resources */ = {
			isa = PBXResourcesBuildPhase;
			buildActionMask = 2147483647;
			files = (
			);
			runOnlyForDeploymentPostprocessing = 0;
		};
		A3C778A12723DD39009D670A /* Resources */ = {
			isa = PBXResourcesBuildPhase;
			buildActionMask = 2147483647;
			files = (
			);
			runOnlyForDeploymentPostprocessing = 0;
		};
/* End PBXResourcesBuildPhase section */

/* Begin PBXSourcesBuildPhase section */
		A3C778852723DD37009D670A /* Sources */ = {
			isa = PBXSourcesBuildPhase;
			buildActionMask = 2147483647;
			files = (
				A3C7788F2723DD37009D670A /* ContentView.swift in Sources */,
				A3C7788D2723DD37009D670A /* ihtMadhushankha_Cobsccomp005App.swift in Sources */,
				A3C778BC2723DE02009D670A /* ContentViewModel.swift in Sources */,
				A3C778C02723DE6B009D670A /* User.swift in Sources */,
				A3C778BE2723DE32009D670A /* ContentViewStrings.swift in Sources */,
				A3C778C22723DF15009D670A /* TextTitle.swift in Sources */,
			);
			runOnlyForDeploymentPostprocessing = 0;
		};
		A3C778952723DD39009D670A /* Sources */ = {
			isa = PBXSourcesBuildPhase;
			buildActionMask = 2147483647;
			files = (
				A3C7789E2723DD39009D670A /* ihtMadhushankha_Cobsccomp005Tests.swift in Sources */,
			);
			runOnlyForDeploymentPostprocessing = 0;
		};
		A3C7789F2723DD39009D670A /* Sources */ = {
			isa = PBXSourcesBuildPhase;
			buildActionMask = 2147483647;
			files = (
				A3C778A82723DD39009D670A /* ihtMadhushankha_Cobsccomp005UITests.swift in Sources */,
				A3C778AA2723DD39009D670A /* ihtMadhushankha_Cobsccomp005UITestsLaunchTests.swift in Sources */,
			);
			runOnlyForDeploymentPostprocessing = 0;
		};
/* End PBXSourcesBuildPhase section */

/* Begin PBXTargetDependency section */
		A3C7789B2723DD39009D670A /* PBXTargetDependency */ = {
			isa = PBXTargetDependency;
			target = A3C778882723DD37009D670A /* ihtMadhushankha-Cobsccomp005 */;
			targetProxy = A3C7789A2723DD39009D670A /* PBXContainerItemProxy */;
		};
		A3C778A52723DD39009D670A /* PBXTargetDependency */ = {
			isa = PBXTargetDependency;
			target = A3C778882723DD37009D670A /* ihtMadhushankha-Cobsccomp005 */;
			targetProxy = A3C778A42723DD39009D670A /* PBXContainerItemProxy */;
		};
/* End PBXTargetDependency section */

/* Begin XCBuildConfiguration section */
		A3C778AB2723DD39009D670A /* Debug */ = {
			isa = XCBuildConfiguration;
			buildSettings = {
				ALWAYS_SEARCH_USER_PATHS = NO;
				CLANG_ANALYZER_NONNULL = YES;
				CLANG_ANALYZER_NUMBER_OBJECT_CONVERSION = YES_AGGRESSIVE;
				CLANG_CXX_LANGUAGE_STANDARD = "gnu++17";
				CLANG_CXX_LIBRARY = "libc++";
				CLANG_ENABLE_MODULES = YES;
				CLANG_ENABLE_OBJC_ARC = YES;
				CLANG_ENABLE_OBJC_WEAK = YES;
				CLANG_WARN_BLOCK_CAPTURE_AUTORELEASING = YES;
				CLANG_WARN_BOOL_CONVERSION = YES;
				CLANG_WARN_COMMA = YES;
				CLANG_WARN_CONSTANT_CONVERSION = YES;
				CLANG_WARN_DEPRECATED_OBJC_IMPLEMENTATIONS = YES;
				CLANG_WARN_DIRECT_OBJC_ISA_USAGE = YES_ERROR;
				CLANG_WARN_DOCUMENTATION_COMMENTS = YES;
				CLANG_WARN_EMPTY_BODY = YES;
				CLANG_WARN_ENUM_CONVERSION = YES;
				CLANG_WARN_INFINITE_RECURSION = YES;
				CLANG_WARN_INT_CONVERSION = YES;
				CLANG_WARN_NON_LITERAL_NULL_CONVERSION = YES;
				CLANG_WARN_OBJC_IMPLICIT_RETAIN_SELF = YES;
				CLANG_WARN_OBJC_LITERAL_CONVERSION = YES;
				CLANG_WARN_OBJC_ROOT_CLASS = YES_ERROR;
				CLANG_WARN_QUOTED_INCLUDE_IN_FRAMEWORK_HEADER = YES;
				CLANG_WARN_RANGE_LOOP_ANALYSIS = YES;
				CLANG_WARN_STRICT_PROTOTYPES = YES;
				CLANG_WARN_SUSPICIOUS_MOVE = YES;
				CLANG_WARN_UNGUARDED_AVAILABILITY = YES_AGGRESSIVE;
				CLANG_WARN_UNREACHABLE_CODE = YES;
				CLANG_WARN__DUPLICATE_METHOD_MATCH = YES;
				COPY_PHASE_STRIP = NO;
				DEBUG_INFORMATION_FORMAT = dwarf;
				ENABLE_STRICT_OBJC_MSGSEND = YES;
				ENABLE_TESTABILITY = YES;
				GCC_C_LANGUAGE_STANDARD = gnu11;
				GCC_DYNAMIC_NO_PIC = NO;
				GCC_NO_COMMON_BLOCKS = YES;
				GCC_OPTIMIZATION_LEVEL = 0;
				GCC_PREPROCESSOR_DEFINITIONS = (
					"DEBUG=1",
					"$(inherited)",
				);
				GCC_WARN_64_TO_32_BIT_CONVERSION = YES;
				GCC_WARN_ABOUT_RETURN_TYPE = YES_ERROR;
				GCC_WARN_UNDECLARED_SELECTOR = YES;
				GCC_WARN_UNINITIALIZED_AUTOS = YES_AGGRESSIVE;
				GCC_WARN_UNUSED_FUNCTION = YES;
				GCC_WARN_UNUSED_VARIABLE = YES;
				IPHONEOS_DEPLOYMENT_TARGET = 15.0;
				MTL_ENABLE_DEBUG_INFO = INCLUDE_SOURCE;
				MTL_FAST_MATH = YES;
				ONLY_ACTIVE_ARCH = YES;
				SDKROOT = iphoneos;
				SWIFT_ACTIVE_COMPILATION_CONDITIONS = DEBUG;
				SWIFT_OPTIMIZATION_LEVEL = "-Onone";
			};
			name = Debug;
		};
		A3C778AC2723DD39009D670A /* Release */ = {
			isa = XCBuildConfiguration;
			buildSettings = {
				ALWAYS_SEARCH_USER_PATHS = NO;
				CLANG_ANALYZER_NONNULL = YES;
				CLANG_ANALYZER_NUMBER_OBJECT_CONVERSION = YES_AGGRESSIVE;
				CLANG_CXX_LANGUAGE_STANDARD = "gnu++17";
				CLANG_CXX_LIBRARY = "libc++";
				CLANG_ENABLE_MODULES = YES;
				CLANG_ENABLE_OBJC_ARC = YES;
				CLANG_ENABLE_OBJC_WEAK = YES;
				CLANG_WARN_BLOCK_CAPTURE_AUTORELEASING = YES;
				CLANG_WARN_BOOL_CONVERSION = YES;
				CLANG_WARN_COMMA = YES;
				CLANG_WARN_CONSTANT_CONVERSION = YES;
				CLANG_WARN_DEPRECATED_OBJC_IMPLEMENTATIONS = YES;
				CLANG_WARN_DIRECT_OBJC_ISA_USAGE = YES_ERROR;
				CLANG_WARN_DOCUMENTATION_COMMENTS = YES;
				CLANG_WARN_EMPTY_BODY = YES;
				CLANG_WARN_ENUM_CONVERSION = YES;
				CLANG_WARN_INFINITE_RECURSION = YES;
				CLANG_WARN_INT_CONVERSION = YES;
				CLANG_WARN_NON_LITERAL_NULL_CONVERSION = YES;
				CLANG_WARN_OBJC_IMPLICIT_RETAIN_SELF = YES;
				CLANG_WARN_OBJC_LITERAL_CONVERSION = YES;
				CLANG_WARN_OBJC_ROOT_CLASS = YES_ERROR;
				CLANG_WARN_QUOTED_INCLUDE_IN_FRAMEWORK_HEADER = YES;
				CLANG_WARN_RANGE_LOOP_ANALYSIS = YES;
				CLANG_WARN_STRICT_PROTOTYPES = YES;
				CLANG_WARN_SUSPICIOUS_MOVE = YES;
				CLANG_WARN_UNGUARDED_AVAILABILITY = YES_AGGRESSIVE;
				CLANG_WARN_UNREACHABLE_CODE = YES;
				CLANG_WARN__DUPLICATE_METHOD_MATCH = YES;
				COPY_PHASE_STRIP = NO;
				DEBUG_INFORMATION_FORMAT = "dwarf-with-dsym";
				ENABLE_NS_ASSERTIONS = NO;
				ENABLE_STRICT_OBJC_MSGSEND = YES;
				GCC_C_LANGUAGE_STANDARD = gnu11;
				GCC_NO_COMMON_BLOCKS = YES;
				GCC_WARN_64_TO_32_BIT_CONVERSION = YES;
				GCC_WARN_ABOUT_RETURN_TYPE = YES_ERROR;
				GCC_WARN_UNDECLARED_SELECTOR = YES;
				GCC_WARN_UNINITIALIZED_AUTOS = YES_AGGRESSIVE;
				GCC_WARN_UNUSED_FUNCTION = YES;
				GCC_WARN_UNUSED_VARIABLE = YES;
				IPHONEOS_DEPLOYMENT_TARGET = 15.0;
				MTL_ENABLE_DEBUG_INFO = NO;
				MTL_FAST_MATH = YES;
				SDKROOT = iphoneos;
				SWIFT_COMPILATION_MODE = wholemodule;
				SWIFT_OPTIMIZATION_LEVEL = "-O";
				VALIDATE_PRODUCT = YES;
			};
			name = Release;
		};
		A3C778AE2723DD39009D670A /* Debug */ = {
			isa = XCBuildConfiguration;
			buildSettings = {
				ASSETCATALOG_COMPILER_APPICON_NAME = AppIcon;
				ASSETCATALOG_COMPILER_GLOBAL_ACCENT_COLOR_NAME = AccentColor;
				CODE_SIGN_STYLE = Automatic;
				CURRENT_PROJECT_VERSION = 1;
				DEVELOPMENT_ASSET_PATHS = "\"ihtMadhushankha-Cobsccomp005/Preview Content\"";
				ENABLE_PREVIEWS = YES;
				GENERATE_INFOPLIST_FILE = YES;
				INFOPLIST_KEY_UIApplicationSceneManifest_Generation = YES;
				INFOPLIST_KEY_UIApplicationSupportsIndirectInputEvents = YES;
				INFOPLIST_KEY_UILaunchScreen_Generation = YES;
				INFOPLIST_KEY_UISupportedInterfaceOrientations_iPad = "UIInterfaceOrientationPortrait UIInterfaceOrientationPortraitUpsideDown UIInterfaceOrientationLandscapeLeft UIInterfaceOrientationLandscapeRight";
				INFOPLIST_KEY_UISupportedInterfaceOrientations_iPhone = "UIInterfaceOrientationPortrait UIInterfaceOrientationLandscapeLeft UIInterfaceOrientationLandscapeRight";
				IPHONEOS_DEPLOYMENT_TARGET = 14.0;
				LD_RUNPATH_SEARCH_PATHS = (
					"$(inherited)",
					"@executable_path/Frameworks",
				);
				MARKETING_VERSION = 1.0;
				PRODUCT_BUNDLE_IDENTIFIER = "lk.thushal.ihtMadhushankha-Cobsccomp005";
				PRODUCT_NAME = "$(TARGET_NAME)";
				SWIFT_EMIT_LOC_STRINGS = YES;
				SWIFT_VERSION = 5.0;
				TARGETED_DEVICE_FAMILY = "1,2";
			};
			name = Debug;
		};
		A3C778AF2723DD39009D670A /* Release */ = {
			isa = XCBuildConfiguration;
			buildSettings = {
				ASSETCATALOG_COMPILER_APPICON_NAME = AppIcon;
				ASSETCATALOG_COMPILER_GLOBAL_ACCENT_COLOR_NAME = AccentColor;
				CODE_SIGN_STYLE = Automatic;
				CURRENT_PROJECT_VERSION = 1;
				DEVELOPMENT_ASSET_PATHS = "\"ihtMadhushankha-Cobsccomp005/Preview Content\"";
				ENABLE_PREVIEWS = YES;
				GENERATE_INFOPLIST_FILE = YES;
				INFOPLIST_KEY_UIApplicationSceneManifest_Generation = YES;
				INFOPLIST_KEY_UIApplicationSupportsIndirectInputEvents = YES;
				INFOPLIST_KEY_UILaunchScreen_Generation = YES;
				INFOPLIST_KEY_UISupportedInterfaceOrientations_iPad = "UIInterfaceOrientationPortrait UIInterfaceOrientationPortraitUpsideDown UIInterfaceOrientationLandscapeLeft UIInterfaceOrientationLandscapeRight";
				INFOPLIST_KEY_UISupportedInterfaceOrientations_iPhone = "UIInterfaceOrientationPortrait UIInterfaceOrientationLandscapeLeft UIInterfaceOrientationLandscapeRight";
				IPHONEOS_DEPLOYMENT_TARGET = 14.0;
				LD_RUNPATH_SEARCH_PATHS = (
					"$(inherited)",
					"@executable_path/Frameworks",
				);
				MARKETING_VERSION = 1.0;
				PRODUCT_BUNDLE_IDENTIFIER = "lk.thushal.ihtMadhushankha-Cobsccomp005";
				PRODUCT_NAME = "$(TARGET_NAME)";
				SWIFT_EMIT_LOC_STRINGS = YES;
				SWIFT_VERSION = 5.0;
				TARGETED_DEVICE_FAMILY = "1,2";
			};
			name = Release;
		};
		A3C778B12723DD39009D670A /* Debug */ = {
			isa = XCBuildConfiguration;
			buildSettings = {
				ALWAYS_EMBED_SWIFT_STANDARD_LIBRARIES = YES;
				BUNDLE_LOADER = "$(TEST_HOST)";
				CODE_SIGN_STYLE = Automatic;
				CURRENT_PROJECT_VERSION = 1;
				GENERATE_INFOPLIST_FILE = YES;
				IPHONEOS_DEPLOYMENT_TARGET = 14.0;
				LD_RUNPATH_SEARCH_PATHS = (
					"$(inherited)",
					"@executable_path/Frameworks",
					"@loader_path/Frameworks",
				);
				MARKETING_VERSION = 1.0;
				PRODUCT_BUNDLE_IDENTIFIER = "lk.thushal.ihtMadhushankha-Cobsccomp005Tests";
				PRODUCT_NAME = "$(TARGET_NAME)";
				SWIFT_EMIT_LOC_STRINGS = NO;
				SWIFT_VERSION = 5.0;
				TARGETED_DEVICE_FAMILY = "1,2";
				TEST_HOST = "$(BUILT_PRODUCTS_DIR)/ihtMadhushankha-Cobsccomp005.app/ihtMadhushankha-Cobsccomp005";
			};
			name = Debug;
		};
		A3C778B22723DD39009D670A /* Release */ = {
			isa = XCBuildConfiguration;
			buildSettings = {
				ALWAYS_EMBED_SWIFT_STANDARD_LIBRARIES = YES;
				BUNDLE_LOADER = "$(TEST_HOST)";
				CODE_SIGN_STYLE = Automatic;
				CURRENT_PROJECT_VERSION = 1;
				GENERATE_INFOPLIST_FILE = YES;
				IPHONEOS_DEPLOYMENT_TARGET = 14.0;
				LD_RUNPATH_SEARCH_PATHS = (
					"$(inherited)",
					"@executable_path/Frameworks",
					"@loader_path/Frameworks",
				);
				MARKETING_VERSION = 1.0;
				PRODUCT_BUNDLE_IDENTIFIER = "lk.thushal.ihtMadhushankha-Cobsccomp005Tests";
				PRODUCT_NAME = "$(TARGET_NAME)";
				SWIFT_EMIT_LOC_STRINGS = NO;
				SWIFT_VERSION = 5.0;
				TARGETED_DEVICE_FAMILY = "1,2";
				TEST_HOST = "$(BUILT_PRODUCTS_DIR)/ihtMadhushankha-Cobsccomp005.app/ihtMadhushankha-Cobsccomp005";
			};
			name = Release;
		};
		A3C778B42723DD39009D670A /* Debug */ = {
			isa = XCBuildConfiguration;
			buildSettings = {
				ALWAYS_EMBED_SWIFT_STANDARD_LIBRARIES = YES;
				CODE_SIGN_STYLE = Automatic;
				CURRENT_PROJECT_VERSION = 1;
				GENERATE_INFOPLIST_FILE = YES;
				LD_RUNPATH_SEARCH_PATHS = (
					"$(inherited)",
					"@executable_path/Frameworks",
					"@loader_path/Frameworks",
				);
				MARKETING_VERSION = 1.0;
				PRODUCT_BUNDLE_IDENTIFIER = "lk.thushal.ihtMadhushankha-Cobsccomp005UITests";
				PRODUCT_NAME = "$(TARGET_NAME)";
				SWIFT_EMIT_LOC_STRINGS = NO;
				SWIFT_VERSION = 5.0;
				TARGETED_DEVICE_FAMILY = "1,2";
				TEST_TARGET_NAME = "ihtMadhushankha-Cobsccomp005";
			};
			name = Debug;
		};
		A3C778B52723DD39009D670A /* Release */ = {
			isa = XCBuildConfiguration;
			buildSettings = {
				ALWAYS_EMBED_SWIFT_STANDARD_LIBRARIES = YES;
				CODE_SIGN_STYLE = Automatic;
				CURRENT_PROJECT_VERSION = 1;
				GENERATE_INFOPLIST_FILE = YES;
				LD_RUNPATH_SEARCH_PATHS = (
					"$(inherited)",
					"@executable_path/Frameworks",
					"@loader_path/Frameworks",
				);
				MARKETING_VERSION = 1.0;
				PRODUCT_BUNDLE_IDENTIFIER = "lk.thushal.ihtMadhushankha-Cobsccomp005UITests";
				PRODUCT_NAME = "$(TARGET_NAME)";
				SWIFT_EMIT_LOC_STRINGS = NO;
				SWIFT_VERSION = 5.0;
				TARGETED_DEVICE_FAMILY = "1,2";
				TEST_TARGET_NAME = "ihtMadhushankha-Cobsccomp005";
			};
			name = Release;
		};
/* End XCBuildConfiguration section */

/* Begin XCConfigurationList section */
		A3C778842723DD37009D670A /* Build configuration list for PBXProject "ihtMadhushankha-Cobsccomp005" */ = {
			isa = XCConfigurationList;
			buildConfigurations = (
				A3C778AB2723DD39009D670A /* Debug */,
				A3C778AC2723DD39009D670A /* Release */,
			);
			defaultConfigurationIsVisible = 0;
			defaultConfigurationName = Release;
		};
		A3C778AD2723DD39009D670A /* Build configuration list for PBXNativeTarget "ihtMadhushankha-Cobsccomp005" */ = {
			isa = XCConfigurationList;
			buildConfigurations = (
				A3C778AE2723DD39009D670A /* Debug */,
				A3C778AF2723DD39009D670A /* Release */,
			);
			defaultConfigurationIsVisible = 0;
			defaultConfigurationName = Release;
		};
		A3C778B02723DD39009D670A /* Build configuration list for PBXNativeTarget "ihtMadhushankha-Cobsccomp005Tests" */ = {
			isa = XCConfigurationList;
			buildConfigurations = (
				A3C778B12723DD39009D670A /* Debug */,
				A3C778B22723DD39009D670A /* Release */,
			);
			defaultConfigurationIsVisible = 0;
			defaultConfigurationName = Release;
		};
		A3C778B32723DD39009D670A /* Build configuration list for PBXNativeTarget "ihtMadhushankha-Cobsccomp005UITests" */ = {
			isa = XCConfigurationList;
			buildConfigurations = (
				A3C778B42723DD39009D670A /* Debug */,
				A3C778B52723DD39009D670A /* Release */,
			);
			defaultConfigurationIsVisible = 0;
			defaultConfigurationName = Release;
		};
/* End XCConfigurationList section */
	};
	rootObject = A3C778812723DD37009D670A /* Project object */;
}
